// !$*UTF8*$!
{
	archiveVersion = 1;
	classes = {
	};
	objectVersion = 52;
	objects = {

/* Begin PBXBuildFile section */
		AC07288E260311A900072B7C /* FundamentalsViewHelper.swift in Sources */ = {isa = PBXBuildFile; fileRef = AC07288D260311A900072B7C /* FundamentalsViewHelper.swift */; };
		AC0728CF2606C85500072B7C /* SwiftProtobuf in Frameworks */ = {isa = PBXBuildFile; productRef = AC0728CE2606C85500072B7C /* SwiftProtobuf */; };
		AC0728D42606C8ED00072B7C /* PricingData.pb.swift in Sources */ = {isa = PBXBuildFile; fileRef = AC0728D32606C8ED00072B7C /* PricingData.pb.swift */; };
		AC0728DC26071BC200072B7C /* QuoteStreamer.swift in Sources */ = {isa = PBXBuildFile; fileRef = AC0728DB26071BC200072B7C /* QuoteStreamer.swift */; };
		AC0728E22607C92700072B7C /* Starscream in Frameworks */ = {isa = PBXBuildFile; productRef = AC0728E12607C92700072B7C /* Starscream */; };
		AC07290826086DD100072B7C /* Quote.swift in Sources */ = {isa = PBXBuildFile; fileRef = AC07290726086DD100072B7C /* Quote.swift */; };
		AC07290D26086F3E00072B7C /* StreamedQuote.swift in Sources */ = {isa = PBXBuildFile; fileRef = AC07290C26086F3E00072B7C /* StreamedQuote.swift */; };
		AC072924260B0D4300072B7C /* LiveQuoteStream.swift in Sources */ = {isa = PBXBuildFile; fileRef = AC072923260B0D4300072B7C /* LiveQuoteStream.swift */; };
		AC09EFDC25A591600091B227 /* News.swift in Sources */ = {isa = PBXBuildFile; fileRef = AC09EFDB25A591600091B227 /* News.swift */; };
		AC09EFE125A5916D0091B227 /* NewsController.swift in Sources */ = {isa = PBXBuildFile; fileRef = AC09EFE025A5916D0091B227 /* NewsController.swift */; };
		AC09EFE625A5A95F0091B227 /* NewsLink.swift in Sources */ = {isa = PBXBuildFile; fileRef = AC09EFE525A5A95F0091B227 /* NewsLink.swift */; };
		AC09EFEB25A5AA420091B227 /* NewsLinkController.swift in Sources */ = {isa = PBXBuildFile; fileRef = AC09EFEA25A5AA420091B227 /* NewsLinkController.swift */; };
		AC09EFF025A5AEC00091B227 /* NewsScraper.swift in Sources */ = {isa = PBXBuildFile; fileRef = AC09EFEF25A5AEC00091B227 /* NewsScraper.swift */; };
		AC09EFF625A5AF530091B227 /* SwiftSoup in Frameworks */ = {isa = PBXBuildFile; productRef = AC09EFF525A5AF530091B227 /* SwiftSoup */; };
		AC09EFFF25A5AF980091B227 /* HTMLScraper.swift in Sources */ = {isa = PBXBuildFile; fileRef = AC09EFFE25A5AF980091B227 /* HTMLScraper.swift */; };
		AC11CCFC25AED8F4009D9822 /* FundamentalsController.swift in Sources */ = {isa = PBXBuildFile; fileRef = AC11CCFB25AED8F4009D9822 /* FundamentalsController.swift */; };
		AC11CD0C25AFE3F0009D9822 /* FundamentalsViewModel.swift in Sources */ = {isa = PBXBuildFile; fileRef = AC11CD0B25AFE3F0009D9822 /* FundamentalsViewModel.swift */; };
		AC45DA0325A01D2400A4B810 /* Ticker.swift in Sources */ = {isa = PBXBuildFile; fileRef = AC45DA0225A01D2400A4B810 /* Ticker.swift */; };
		AC45DA0825A01E9500A4B810 /* Endpoint.swift in Sources */ = {isa = PBXBuildFile; fileRef = AC45DA0725A01E9500A4B810 /* Endpoint.swift */; };
		AC45DA1125A0593E00A4B810 /* TickerController.swift in Sources */ = {isa = PBXBuildFile; fileRef = AC45DA1025A0593E00A4B810 /* TickerController.swift */; };
		AC45DA1625A05A1100A4B810 /* ApiQuote.swift in Sources */ = {isa = PBXBuildFile; fileRef = AC45DA1525A05A1100A4B810 /* ApiQuote.swift */; };
		AC45DA1C25A05A3100A4B810 /* QuoteController.swift in Sources */ = {isa = PBXBuildFile; fileRef = AC45DA1B25A05A3100A4B810 /* QuoteController.swift */; };
		AC45DA2125A068AF00A4B810 /* LiveQuote.swift in Sources */ = {isa = PBXBuildFile; fileRef = AC45DA2025A068AF00A4B810 /* LiveQuote.swift */; };
		AC48956C25C9B46800E1BF3A /* FundamentalsBackgroundJob.swift in Sources */ = {isa = PBXBuildFile; fileRef = AC48956B25C9B46800E1BF3A /* FundamentalsBackgroundJob.swift */; };
		AC61DDD125AFFAB20065FC64 /* FundamentalDataList.swift in Sources */ = {isa = PBXBuildFile; fileRef = AC61DDD025AFFAB20065FC64 /* FundamentalDataList.swift */; };
		AC646C4825A83FBF00493F93 /* LiveQuotePopoverView.swift in Sources */ = {isa = PBXBuildFile; fileRef = AC646C4725A83FBF00493F93 /* LiveQuotePopoverView.swift */; };
		AC646C5025A84C8C00493F93 /* InStatusBar.swift in Sources */ = {isa = PBXBuildFile; fileRef = AC646C4F25A84C8C00493F93 /* InStatusBar.swift */; };
		AC646C5525A8FCBF00493F93 /* NewTickerStatusItemView.swift in Sources */ = {isa = PBXBuildFile; fileRef = AC646C5425A8FCBF00493F93 /* NewTickerStatusItemView.swift */; };
		AC646C8825A9A15900493F93 /* Constants.swift in Sources */ = {isa = PBXBuildFile; fileRef = AC646C8725A9A15900493F93 /* Constants.swift */; };
		AC65D0BA25955822008C6C5C /* StatusBar.swift in Sources */ = {isa = PBXBuildFile; fileRef = AC65D0B925955822008C6C5C /* StatusBar.swift */; };
		AC65D0BF259559F6008C6C5C /* StatusBarTickerDisplay.swift in Sources */ = {isa = PBXBuildFile; fileRef = AC65D0BE259559F6008C6C5C /* StatusBarTickerDisplay.swift */; };
		AC67719E259C56BC00F807DB /* NewTickerButton.swift in Sources */ = {isa = PBXBuildFile; fileRef = AC67719D259C56BC00F807DB /* NewTickerButton.swift */; };
		AC6771A3259C5D0F00F807DB /* NewTickerSelectorView.swift in Sources */ = {isa = PBXBuildFile; fileRef = AC6771A2259C5D0F00F807DB /* NewTickerSelectorView.swift */; };
		AC6771CA259DC5DE00F807DB /* TickerSearchModel.swift in Sources */ = {isa = PBXBuildFile; fileRef = AC6771C9259DC5DE00F807DB /* TickerSearchModel.swift */; };
		AC6771CF259FBFD900F807DB /* TickerRow.swift in Sources */ = {isa = PBXBuildFile; fileRef = AC6771CE259FBFD900F807DB /* TickerRow.swift */; };
		AC6771D4259FC38D00F807DB /* TickerList.swift in Sources */ = {isa = PBXBuildFile; fileRef = AC6771D3259FC38D00F807DB /* TickerList.swift */; };
		AC69F26F25E9EB7200361E8A /* SpacedDivider.swift in Sources */ = {isa = PBXBuildFile; fileRef = AC69F26E25E9EB7200361E8A /* SpacedDivider.swift */; };
		AC69F29A25EB31B500361E8A /* ETFFundamentals.swift in Sources */ = {isa = PBXBuildFile; fileRef = AC69F29925EB31B500361E8A /* ETFFundamentals.swift */; };
		AC69F29F25EB321A00361E8A /* ETFFundamentalsView.swift in Sources */ = {isa = PBXBuildFile; fileRef = AC69F29E25EB321A00361E8A /* ETFFundamentalsView.swift */; };
		AC69F2B925F9E45700361E8A /* FundamentalsTitle.swift in Sources */ = {isa = PBXBuildFile; fileRef = AC69F2B825F9E45700361E8A /* FundamentalsTitle.swift */; };
		AC69F2C425FB3A1600361E8A /* ExchangeTitle.swift in Sources */ = {isa = PBXBuildFile; fileRef = AC69F2C325FB3A1600361E8A /* ExchangeTitle.swift */; };
		AC69F2C925FB3AA300361E8A /* TitleWithExchange.swift in Sources */ = {isa = PBXBuildFile; fileRef = AC69F2C825FB3AA300361E8A /* TitleWithExchange.swift */; };
		AC71D37D25C776E5005C5234 /* Defaults in Frameworks */ = {isa = PBXBuildFile; productRef = AC71D37C25C776E5005C5234 /* Defaults */; };
		AC7C76A8259C06C500082025 /* TickerQuoteStatusItem.swift in Sources */ = {isa = PBXBuildFile; fileRef = AC7C76A7259C06C500082025 /* TickerQuoteStatusItem.swift */; };
		AC8480C125CBC6AF0061E7E4 /* TickerQuoteStatusItemModel.swift in Sources */ = {isa = PBXBuildFile; fileRef = AC8480C025CBC6AF0061E7E4 /* TickerQuoteStatusItemModel.swift */; };
		AC8BECF425CC5E2A007AF467 /* NewsBackgroundJob.swift in Sources */ = {isa = PBXBuildFile; fileRef = AC8BECF325CC5E2A007AF467 /* NewsBackgroundJob.swift */; };
		AC8BED0225CD0F54007AF467 /* StockNewsController.swift in Sources */ = {isa = PBXBuildFile; fileRef = AC8BED0125CD0F54007AF467 /* StockNewsController.swift */; };
		AC8BED1B25CDB0B2007AF467 /* NewsRow.swift in Sources */ = {isa = PBXBuildFile; fileRef = AC8BED1A25CDB0B2007AF467 /* NewsRow.swift */; };
		AC8BED2425CDBAE8007AF467 /* NewsList.swift in Sources */ = {isa = PBXBuildFile; fileRef = AC8BED2325CDBAE8007AF467 /* NewsList.swift */; };
		AC8CA36225E9B47E00DD411D /* EquityFundamentalsView.swift in Sources */ = {isa = PBXBuildFile; fileRef = AC8CA36125E9B47E00DD411D /* EquityFundamentalsView.swift */; };
		AC8CA36A25E9B4FB00DD411D /* CryptocurrencyFundamentalsView.swift in Sources */ = {isa = PBXBuildFile; fileRef = AC8CA36925E9B4FB00DD411D /* CryptocurrencyFundamentalsView.swift */; };
		AC92B47E2589F4B9002826F8 /* AppDelegate.swift in Sources */ = {isa = PBXBuildFile; fileRef = AC92B47D2589F4B9002826F8 /* AppDelegate.swift */; };
		AC92B4822589F4BA002826F8 /* Assets.xcassets in Resources */ = {isa = PBXBuildFile; fileRef = AC92B4812589F4BA002826F8 /* Assets.xcassets */; };
		AC92B4852589F4BA002826F8 /* Preview Assets.xcassets in Resources */ = {isa = PBXBuildFile; fileRef = AC92B4842589F4BA002826F8 /* Preview Assets.xcassets */; };
		AC92B4882589F4BA002826F8 /* Main.storyboard in Resources */ = {isa = PBXBuildFile; fileRef = AC92B4862589F4BA002826F8 /* Main.storyboard */; };
		AC92B4942589F4BA002826F8 /* AlectronaTests.swift in Sources */ = {isa = PBXBuildFile; fileRef = AC92B4932589F4BA002826F8 /* AlectronaTests.swift */; };
		AC92B49F2589F4BA002826F8 /* AlectronaUITests.swift in Sources */ = {isa = PBXBuildFile; fileRef = AC92B49E2589F4BA002826F8 /* AlectronaUITests.swift */; };
		ACB0C7A425E89BFB00B905D3 /* CryptocurrencyFundamentals.swift in Sources */ = {isa = PBXBuildFile; fileRef = ACB0C7A325E89BFB00B905D3 /* CryptocurrencyFundamentals.swift */; };
		ACB0C7A925E89C0400B905D3 /* EquityFundamentals.swift in Sources */ = {isa = PBXBuildFile; fileRef = ACB0C7A825E89C0400B905D3 /* EquityFundamentals.swift */; };
		ACB0C7AE25E89CAB00B905D3 /* QuoteType.swift in Sources */ = {isa = PBXBuildFile; fileRef = ACB0C7AD25E89CAB00B905D3 /* QuoteType.swift */; };
		ACB0C7C425E8A10C00B905D3 /* FundamentalsQuoteTypeResponse.swift in Sources */ = {isa = PBXBuildFile; fileRef = ACB0C7C325E8A10C00B905D3 /* FundamentalsQuoteTypeResponse.swift */; };
		ACB2779125BFE606002AEEBF /* BackgroundJobSubmission.swift in Sources */ = {isa = PBXBuildFile; fileRef = ACB2779025BFE606002AEEBF /* BackgroundJobSubmission.swift */; };
		ACCED62F25D3B43700BAADBA /* CombinedFundamentals.swift in Sources */ = {isa = PBXBuildFile; fileRef = ACCED62E25D3B43700BAADBA /* CombinedFundamentals.swift */; };
		ACCED64025D5983600BAADBA /* StyleRespectingGrayText.swift in Sources */ = {isa = PBXBuildFile; fileRef = ACCED63F25D5983600BAADBA /* StyleRespectingGrayText.swift */; };
		ACCED65525D8553C00BAADBA /* Resolver in Frameworks */ = {isa = PBXBuildFile; productRef = ACCED65425D8553C00BAADBA /* Resolver */; };
		ACCED65D25D855C300BAADBA /* AppDelegate+Injection.swift in Sources */ = {isa = PBXBuildFile; fileRef = ACCED65C25D855C300BAADBA /* AppDelegate+Injection.swift */; };
		ACCED67825DA292A00BAADBA /* YMFF in Frameworks */ = {isa = PBXBuildFile; productRef = ACCED67725DA292A00BAADBA /* YMFF */; };
		ACCED68025DA296A00BAADBA /* Features.swift in Sources */ = {isa = PBXBuildFile; fileRef = ACCED67F25DA296A00BAADBA /* Features.swift */; };
		ACCED68525DA2A6E00BAADBA /* Features.plist in Resources */ = {isa = PBXBuildFile; fileRef = ACCED68425DA2A6E00BAADBA /* Features.plist */; };
		ACCED68A25DA2AD700BAADBA /* PlistService.swift in Sources */ = {isa = PBXBuildFile; fileRef = ACCED68925DA2AD700BAADBA /* PlistService.swift */; };
		ACE5EA6125980A3400485626 /* API.swift in Sources */ = {isa = PBXBuildFile; fileRef = ACE5EA6025980A3400485626 /* API.swift */; };
		ACE5EA812599058900485626 /* Extensions.swift in Sources */ = {isa = PBXBuildFile; fileRef = ACE5EA802599058900485626 /* Extensions.swift */; };
		ACF3296025BFD521000299C2 /* BackgroundJobSubmitter.swift in Sources */ = {isa = PBXBuildFile; fileRef = ACF3295F25BFD521000299C2 /* BackgroundJobSubmitter.swift */; };
		ACF3296525BFD588000299C2 /* BackgroundJobConfiguration.swift in Sources */ = {isa = PBXBuildFile; fileRef = ACF3296425BFD588000299C2 /* BackgroundJobConfiguration.swift */; };
/* End PBXBuildFile section */

/* Begin PBXContainerItemProxy section */
		AC92B4902589F4BA002826F8 /* PBXContainerItemProxy */ = {
			isa = PBXContainerItemProxy;
			containerPortal = AC92B4722589F4B9002826F8 /* Project object */;
			proxyType = 1;
			remoteGlobalIDString = AC92B4792589F4B9002826F8;
			remoteInfo = Alectrona;
		};
		AC92B49B2589F4BA002826F8 /* PBXContainerItemProxy */ = {
			isa = PBXContainerItemProxy;
			containerPortal = AC92B4722589F4B9002826F8 /* Project object */;
			proxyType = 1;
			remoteGlobalIDString = AC92B4792589F4B9002826F8;
			remoteInfo = Alectrona;
		};
/* End PBXContainerItemProxy section */

/* Begin PBXFileReference section */
		AC07288D260311A900072B7C /* FundamentalsViewHelper.swift */ = {isa = PBXFileReference; lastKnownFileType = sourcecode.swift; name = FundamentalsViewHelper.swift; path = "Alectrona/Views/Status Bar/Ticker Quote View/Popover/Fundamentals/FundamentalsViewHelper.swift"; sourceTree = SOURCE_ROOT; };
		AC0728D32606C8ED00072B7C /* PricingData.pb.swift */ = {isa = PBXFileReference; fileEncoding = 4; lastKnownFileType = sourcecode.swift; path = PricingData.pb.swift; sourceTree = "<group>"; };
		AC0728DB26071BC200072B7C /* QuoteStreamer.swift */ = {isa = PBXFileReference; lastKnownFileType = sourcecode.swift; path = QuoteStreamer.swift; sourceTree = "<group>"; };
		AC07290726086DD100072B7C /* Quote.swift */ = {isa = PBXFileReference; lastKnownFileType = sourcecode.swift; path = Quote.swift; sourceTree = "<group>"; };
		AC07290C26086F3E00072B7C /* StreamedQuote.swift */ = {isa = PBXFileReference; lastKnownFileType = sourcecode.swift; path = StreamedQuote.swift; sourceTree = "<group>"; };
		AC072923260B0D4300072B7C /* LiveQuoteStream.swift */ = {isa = PBXFileReference; lastKnownFileType = sourcecode.swift; path = LiveQuoteStream.swift; sourceTree = "<group>"; };
		AC09EFDB25A591600091B227 /* News.swift */ = {isa = PBXFileReference; lastKnownFileType = sourcecode.swift; path = News.swift; sourceTree = "<group>"; };
		AC09EFE025A5916D0091B227 /* NewsController.swift */ = {isa = PBXFileReference; lastKnownFileType = sourcecode.swift; path = NewsController.swift; sourceTree = "<group>"; };
		AC09EFE525A5A95F0091B227 /* NewsLink.swift */ = {isa = PBXFileReference; lastKnownFileType = sourcecode.swift; path = NewsLink.swift; sourceTree = "<group>"; };
		AC09EFEA25A5AA420091B227 /* NewsLinkController.swift */ = {isa = PBXFileReference; lastKnownFileType = sourcecode.swift; path = NewsLinkController.swift; sourceTree = "<group>"; };
		AC09EFEF25A5AEC00091B227 /* NewsScraper.swift */ = {isa = PBXFileReference; lastKnownFileType = sourcecode.swift; path = NewsScraper.swift; sourceTree = "<group>"; };
		AC09EFFE25A5AF980091B227 /* HTMLScraper.swift */ = {isa = PBXFileReference; lastKnownFileType = sourcecode.swift; path = HTMLScraper.swift; sourceTree = "<group>"; };
		AC11CCFB25AED8F4009D9822 /* FundamentalsController.swift */ = {isa = PBXFileReference; lastKnownFileType = sourcecode.swift; path = FundamentalsController.swift; sourceTree = "<group>"; };
		AC11CD0B25AFE3F0009D9822 /* FundamentalsViewModel.swift */ = {isa = PBXFileReference; lastKnownFileType = sourcecode.swift; name = FundamentalsViewModel.swift; path = "Alectrona/Views/Status Bar/Ticker Quote View/Popover/FundamentalsViewModel.swift"; sourceTree = SOURCE_ROOT; };
		AC45DA0225A01D2400A4B810 /* Ticker.swift */ = {isa = PBXFileReference; lastKnownFileType = sourcecode.swift; path = Ticker.swift; sourceTree = "<group>"; };
		AC45DA0725A01E9500A4B810 /* Endpoint.swift */ = {isa = PBXFileReference; lastKnownFileType = sourcecode.swift; path = Endpoint.swift; sourceTree = "<group>"; };
		AC45DA1025A0593E00A4B810 /* TickerController.swift */ = {isa = PBXFileReference; lastKnownFileType = sourcecode.swift; path = TickerController.swift; sourceTree = "<group>"; };
		AC45DA1525A05A1100A4B810 /* ApiQuote.swift */ = {isa = PBXFileReference; lastKnownFileType = sourcecode.swift; path = ApiQuote.swift; sourceTree = "<group>"; };
		AC45DA1B25A05A3100A4B810 /* QuoteController.swift */ = {isa = PBXFileReference; lastKnownFileType = sourcecode.swift; path = QuoteController.swift; sourceTree = "<group>"; };
		AC45DA2025A068AF00A4B810 /* LiveQuote.swift */ = {isa = PBXFileReference; lastKnownFileType = sourcecode.swift; path = LiveQuote.swift; sourceTree = "<group>"; };
		AC48956B25C9B46800E1BF3A /* FundamentalsBackgroundJob.swift */ = {isa = PBXFileReference; lastKnownFileType = sourcecode.swift; path = FundamentalsBackgroundJob.swift; sourceTree = "<group>"; };
		AC61DDD025AFFAB20065FC64 /* FundamentalDataList.swift */ = {isa = PBXFileReference; lastKnownFileType = sourcecode.swift; name = FundamentalDataList.swift; path = "Alectrona/Views/Status Bar/Ticker Quote View/Popover/FundamentalDataList.swift"; sourceTree = SOURCE_ROOT; };
		AC646C4725A83FBF00493F93 /* LiveQuotePopoverView.swift */ = {isa = PBXFileReference; lastKnownFileType = sourcecode.swift; path = LiveQuotePopoverView.swift; sourceTree = "<group>"; };
		AC646C4F25A84C8C00493F93 /* InStatusBar.swift */ = {isa = PBXFileReference; lastKnownFileType = sourcecode.swift; path = InStatusBar.swift; sourceTree = "<group>"; };
		AC646C5425A8FCBF00493F93 /* NewTickerStatusItemView.swift */ = {isa = PBXFileReference; lastKnownFileType = sourcecode.swift; path = NewTickerStatusItemView.swift; sourceTree = "<group>"; };
		AC646C8725A9A15900493F93 /* Constants.swift */ = {isa = PBXFileReference; lastKnownFileType = sourcecode.swift; path = Constants.swift; sourceTree = "<group>"; };
		AC65D0B925955822008C6C5C /* StatusBar.swift */ = {isa = PBXFileReference; lastKnownFileType = sourcecode.swift; path = StatusBar.swift; sourceTree = "<group>"; };
		AC65D0BE259559F6008C6C5C /* StatusBarTickerDisplay.swift */ = {isa = PBXFileReference; lastKnownFileType = sourcecode.swift; path = StatusBarTickerDisplay.swift; sourceTree = "<group>"; };
		AC67719D259C56BC00F807DB /* NewTickerButton.swift */ = {isa = PBXFileReference; lastKnownFileType = sourcecode.swift; path = NewTickerButton.swift; sourceTree = "<group>"; };
		AC6771A2259C5D0F00F807DB /* NewTickerSelectorView.swift */ = {isa = PBXFileReference; lastKnownFileType = sourcecode.swift; path = NewTickerSelectorView.swift; sourceTree = "<group>"; };
		AC6771C9259DC5DE00F807DB /* TickerSearchModel.swift */ = {isa = PBXFileReference; lastKnownFileType = sourcecode.swift; path = TickerSearchModel.swift; sourceTree = "<group>"; };
		AC6771CE259FBFD900F807DB /* TickerRow.swift */ = {isa = PBXFileReference; lastKnownFileType = sourcecode.swift; path = TickerRow.swift; sourceTree = "<group>"; };
		AC6771D3259FC38D00F807DB /* TickerList.swift */ = {isa = PBXFileReference; lastKnownFileType = sourcecode.swift; path = TickerList.swift; sourceTree = "<group>"; };
		AC69F26E25E9EB7200361E8A /* SpacedDivider.swift */ = {isa = PBXFileReference; lastKnownFileType = sourcecode.swift; name = SpacedDivider.swift; path = "Alectrona/Views/Status Bar/Ticker Quote View/Popover/Fundamentals/SpacedDivider.swift"; sourceTree = SOURCE_ROOT; };
		AC69F29925EB31B500361E8A /* ETFFundamentals.swift */ = {isa = PBXFileReference; lastKnownFileType = sourcecode.swift; path = ETFFundamentals.swift; sourceTree = "<group>"; };
		AC69F29E25EB321A00361E8A /* ETFFundamentalsView.swift */ = {isa = PBXFileReference; lastKnownFileType = sourcecode.swift; name = ETFFundamentalsView.swift; path = "Alectrona/Views/Status Bar/Ticker Quote View/Popover/Fundamentals/ETFFundamentalsView.swift"; sourceTree = SOURCE_ROOT; };
		AC69F2B825F9E45700361E8A /* FundamentalsTitle.swift */ = {isa = PBXFileReference; lastKnownFileType = sourcecode.swift; name = FundamentalsTitle.swift; path = "Alectrona/Views/Status Bar/Ticker Quote View/Popover/Fundamentals/FundamentalsTitle.swift"; sourceTree = SOURCE_ROOT; };
		AC69F2C325FB3A1600361E8A /* ExchangeTitle.swift */ = {isa = PBXFileReference; lastKnownFileType = sourcecode.swift; name = ExchangeTitle.swift; path = "Alectrona/Views/Status Bar/Ticker Quote View/Popover/Fundamentals/ExchangeTitle.swift"; sourceTree = SOURCE_ROOT; };
		AC69F2C825FB3AA300361E8A /* TitleWithExchange.swift */ = {isa = PBXFileReference; lastKnownFileType = sourcecode.swift; name = TitleWithExchange.swift; path = "Alectrona/Views/Status Bar/Ticker Quote View/Popover/Fundamentals/TitleWithExchange.swift"; sourceTree = SOURCE_ROOT; };
		AC7C76A7259C06C500082025 /* TickerQuoteStatusItem.swift */ = {isa = PBXFileReference; lastKnownFileType = sourcecode.swift; path = TickerQuoteStatusItem.swift; sourceTree = "<group>"; };
		AC8480C025CBC6AF0061E7E4 /* TickerQuoteStatusItemModel.swift */ = {isa = PBXFileReference; lastKnownFileType = sourcecode.swift; name = TickerQuoteStatusItemModel.swift; path = "Alectrona/Views/Status Bar/Ticker Quote View/TickerQuoteStatusItemModel.swift"; sourceTree = SOURCE_ROOT; };
		AC8BECF325CC5E2A007AF467 /* NewsBackgroundJob.swift */ = {isa = PBXFileReference; lastKnownFileType = sourcecode.swift; path = NewsBackgroundJob.swift; sourceTree = "<group>"; };
		AC8BED0125CD0F54007AF467 /* StockNewsController.swift */ = {isa = PBXFileReference; lastKnownFileType = sourcecode.swift; path = StockNewsController.swift; sourceTree = "<group>"; };
		AC8BED1A25CDB0B2007AF467 /* NewsRow.swift */ = {isa = PBXFileReference; lastKnownFileType = sourcecode.swift; name = NewsRow.swift; path = "Alectrona/VIews/Status Bar/Ticker Quote View/Popover/News/NewsRow.swift"; sourceTree = SOURCE_ROOT; };
		AC8BED2325CDBAE8007AF467 /* NewsList.swift */ = {isa = PBXFileReference; lastKnownFileType = sourcecode.swift; name = NewsList.swift; path = "Alectrona/Views/Status Bar/Ticker Quote View/Popover/News/NewsList.swift"; sourceTree = SOURCE_ROOT; };
		AC8CA36125E9B47E00DD411D /* EquityFundamentalsView.swift */ = {isa = PBXFileReference; lastKnownFileType = sourcecode.swift; name = EquityFundamentalsView.swift; path = "Alectrona/Views/Status Bar/Ticker Quote View/Popover/Fundamentals/EquityFundamentalsView.swift"; sourceTree = SOURCE_ROOT; };
		AC8CA36925E9B4FB00DD411D /* CryptocurrencyFundamentalsView.swift */ = {isa = PBXFileReference; lastKnownFileType = sourcecode.swift; name = CryptocurrencyFundamentalsView.swift; path = "Alectrona/Views/Status Bar/Ticker Quote View/Popover/Fundamentals/CryptocurrencyFundamentalsView.swift"; sourceTree = SOURCE_ROOT; };
		AC92B47A2589F4B9002826F8 /* Alectrona.app */ = {isa = PBXFileReference; explicitFileType = wrapper.application; includeInIndex = 0; path = Alectrona.app; sourceTree = BUILT_PRODUCTS_DIR; };
		AC92B47D2589F4B9002826F8 /* AppDelegate.swift */ = {isa = PBXFileReference; lastKnownFileType = sourcecode.swift; path = AppDelegate.swift; sourceTree = "<group>"; };
		AC92B4812589F4BA002826F8 /* Assets.xcassets */ = {isa = PBXFileReference; lastKnownFileType = folder.assetcatalog; path = Assets.xcassets; sourceTree = "<group>"; };
		AC92B4842589F4BA002826F8 /* Preview Assets.xcassets */ = {isa = PBXFileReference; lastKnownFileType = folder.assetcatalog; path = "Preview Assets.xcassets"; sourceTree = "<group>"; };
		AC92B4872589F4BA002826F8 /* Base */ = {isa = PBXFileReference; lastKnownFileType = file.storyboard; name = Base; path = Base.lproj/Main.storyboard; sourceTree = "<group>"; };
		AC92B4892589F4BA002826F8 /* Info.plist */ = {isa = PBXFileReference; lastKnownFileType = text.plist.xml; path = Info.plist; sourceTree = "<group>"; };
		AC92B48A2589F4BA002826F8 /* Alectrona.entitlements */ = {isa = PBXFileReference; lastKnownFileType = text.plist.entitlements; path = Alectrona.entitlements; sourceTree = "<group>"; };
		AC92B48F2589F4BA002826F8 /* AlectronaTests.xctest */ = {isa = PBXFileReference; explicitFileType = wrapper.cfbundle; includeInIndex = 0; path = AlectronaTests.xctest; sourceTree = BUILT_PRODUCTS_DIR; };
		AC92B4932589F4BA002826F8 /* AlectronaTests.swift */ = {isa = PBXFileReference; lastKnownFileType = sourcecode.swift; path = AlectronaTests.swift; sourceTree = "<group>"; };
		AC92B4952589F4BA002826F8 /* Info.plist */ = {isa = PBXFileReference; lastKnownFileType = text.plist.xml; path = Info.plist; sourceTree = "<group>"; };
		AC92B49A2589F4BA002826F8 /* AlectronaUITests.xctest */ = {isa = PBXFileReference; explicitFileType = wrapper.cfbundle; includeInIndex = 0; path = AlectronaUITests.xctest; sourceTree = BUILT_PRODUCTS_DIR; };
		AC92B49E2589F4BA002826F8 /* AlectronaUITests.swift */ = {isa = PBXFileReference; lastKnownFileType = sourcecode.swift; path = AlectronaUITests.swift; sourceTree = "<group>"; };
		AC92B4A02589F4BA002826F8 /* Info.plist */ = {isa = PBXFileReference; lastKnownFileType = text.plist.xml; path = Info.plist; sourceTree = "<group>"; };
		ACB0C7A325E89BFB00B905D3 /* CryptocurrencyFundamentals.swift */ = {isa = PBXFileReference; lastKnownFileType = sourcecode.swift; path = CryptocurrencyFundamentals.swift; sourceTree = "<group>"; };
		ACB0C7A825E89C0400B905D3 /* EquityFundamentals.swift */ = {isa = PBXFileReference; lastKnownFileType = sourcecode.swift; path = EquityFundamentals.swift; sourceTree = "<group>"; };
		ACB0C7AD25E89CAB00B905D3 /* QuoteType.swift */ = {isa = PBXFileReference; lastKnownFileType = sourcecode.swift; path = QuoteType.swift; sourceTree = "<group>"; };
		ACB0C7C325E8A10C00B905D3 /* FundamentalsQuoteTypeResponse.swift */ = {isa = PBXFileReference; lastKnownFileType = sourcecode.swift; path = FundamentalsQuoteTypeResponse.swift; sourceTree = "<group>"; };
		ACB2779025BFE606002AEEBF /* BackgroundJobSubmission.swift */ = {isa = PBXFileReference; lastKnownFileType = sourcecode.swift; path = BackgroundJobSubmission.swift; sourceTree = "<group>"; };
		ACCED62E25D3B43700BAADBA /* CombinedFundamentals.swift */ = {isa = PBXFileReference; lastKnownFileType = sourcecode.swift; name = CombinedFundamentals.swift; path = "Alectrona/Views/Status Bar/Ticker Quote View/Popover/CombinedFundamentals.swift"; sourceTree = SOURCE_ROOT; };
		ACCED63F25D5983600BAADBA /* StyleRespectingGrayText.swift */ = {isa = PBXFileReference; lastKnownFileType = sourcecode.swift; name = StyleRespectingGrayText.swift; path = Alectrona/Views/StyleRespectingGrayText.swift; sourceTree = SOURCE_ROOT; };
		ACCED65C25D855C300BAADBA /* AppDelegate+Injection.swift */ = {isa = PBXFileReference; lastKnownFileType = sourcecode.swift; path = "AppDelegate+Injection.swift"; sourceTree = "<group>"; };
		ACCED67F25DA296A00BAADBA /* Features.swift */ = {isa = PBXFileReference; lastKnownFileType = sourcecode.swift; path = Features.swift; sourceTree = "<group>"; };
		ACCED68425DA2A6E00BAADBA /* Features.plist */ = {isa = PBXFileReference; lastKnownFileType = text.plist.xml; path = Features.plist; sourceTree = "<group>"; };
		ACCED68925DA2AD700BAADBA /* PlistService.swift */ = {isa = PBXFileReference; lastKnownFileType = sourcecode.swift; path = PlistService.swift; sourceTree = "<group>"; };
		ACE5EA6025980A3400485626 /* API.swift */ = {isa = PBXFileReference; lastKnownFileType = sourcecode.swift; path = API.swift; sourceTree = "<group>"; };
		ACE5EA802599058900485626 /* Extensions.swift */ = {isa = PBXFileReference; lastKnownFileType = sourcecode.swift; path = Extensions.swift; sourceTree = "<group>"; };
		ACF3295F25BFD521000299C2 /* BackgroundJobSubmitter.swift */ = {isa = PBXFileReference; lastKnownFileType = sourcecode.swift; path = BackgroundJobSubmitter.swift; sourceTree = "<group>"; };
		ACF3296425BFD588000299C2 /* BackgroundJobConfiguration.swift */ = {isa = PBXFileReference; lastKnownFileType = sourcecode.swift; path = BackgroundJobConfiguration.swift; sourceTree = "<group>"; };
/* End PBXFileReference section */

/* Begin PBXFrameworksBuildPhase section */
		AC92B4772589F4B9002826F8 /* Frameworks */ = {
			isa = PBXFrameworksBuildPhase;
			buildActionMask = 2147483647;
			files = (
				ACCED65525D8553C00BAADBA /* Resolver in Frameworks */,
				AC71D37D25C776E5005C5234 /* Defaults in Frameworks */,
				ACCED67825DA292A00BAADBA /* YMFF in Frameworks */,
				AC0728CF2606C85500072B7C /* SwiftProtobuf in Frameworks */,
				AC09EFF625A5AF530091B227 /* SwiftSoup in Frameworks */,
				AC0728E22607C92700072B7C /* Starscream in Frameworks */,
			);
			runOnlyForDeploymentPostprocessing = 0;
		};
		AC92B48C2589F4BA002826F8 /* Frameworks */ = {
			isa = PBXFrameworksBuildPhase;
			buildActionMask = 2147483647;
			files = (
			);
			runOnlyForDeploymentPostprocessing = 0;
		};
		AC92B4972589F4BA002826F8 /* Frameworks */ = {
			isa = PBXFrameworksBuildPhase;
			buildActionMask = 2147483647;
			files = (
			);
			runOnlyForDeploymentPostprocessing = 0;
		};
/* End PBXFrameworksBuildPhase section */

/* Begin PBXGroup section */
		AC09EFDA25A591380091B227 /* News */ = {
			isa = PBXGroup;
			children = (
				AC09EFDB25A591600091B227 /* News.swift */,
				AC09EFE025A5916D0091B227 /* NewsController.swift */,
				AC09EFE525A5A95F0091B227 /* NewsLink.swift */,
				AC09EFEA25A5AA420091B227 /* NewsLinkController.swift */,
				AC09EFEF25A5AEC00091B227 /* NewsScraper.swift */,
				AC8BED0125CD0F54007AF467 /* StockNewsController.swift */,
			);
			path = News;
			sourceTree = "<group>";
		};
		AC09EFFD25A5AF830091B227 /* Scaper */ = {
			isa = PBXGroup;
			children = (
				AC09EFFE25A5AF980091B227 /* HTMLScraper.swift */,
			);
			path = Scaper;
			sourceTree = "<group>";
		};
		AC11CCF525AED7E4009D9822 /* Fundamentals */ = {
			isa = PBXGroup;
			children = (
				ACB0C7A225E89BEB00B905D3 /* Type */,
				AC11CCFB25AED8F4009D9822 /* FundamentalsController.swift */,
			);
			path = Fundamentals;
			sourceTree = "<group>";
		};
		AC45DA0C25A058E700A4B810 /* Ticker */ = {
			isa = PBXGroup;
			children = (
				AC45DA0225A01D2400A4B810 /* Ticker.swift */,
				AC45DA1025A0593E00A4B810 /* TickerController.swift */,
			);
			path = Ticker;
			sourceTree = "<group>";
		};
		AC45DA1A25A05A1800A4B810 /* Quote */ = {
			isa = PBXGroup;
			children = (
				AC0728D32606C8ED00072B7C /* PricingData.pb.swift */,
				AC45DA1525A05A1100A4B810 /* ApiQuote.swift */,
				AC45DA1B25A05A3100A4B810 /* QuoteController.swift */,
				AC0728DB26071BC200072B7C /* QuoteStreamer.swift */,
				AC07290726086DD100072B7C /* Quote.swift */,
				AC07290C26086F3E00072B7C /* StreamedQuote.swift */,
				AC072923260B0D4300072B7C /* LiveQuoteStream.swift */,
			);
			path = Quote;
			sourceTree = "<group>";
		};
		AC5C9C9E2591C1AA004CC724 /* VIews */ = {
			isa = PBXGroup;
			children = (
				AC7C76B7259C245B00082025 /* Status Bar */,
				ACCED63F25D5983600BAADBA /* StyleRespectingGrayText.swift */,
			);
			path = VIews;
			sourceTree = "<group>";
		};
		AC646C3F25A83EEF00493F93 /* Ticker Quote View */ = {
			isa = PBXGroup;
			children = (
				AC646C4625A83F6300493F93 /* Popover */,
				AC45DA2025A068AF00A4B810 /* LiveQuote.swift */,
				AC65D0BE259559F6008C6C5C /* StatusBarTickerDisplay.swift */,
				AC7C76A7259C06C500082025 /* TickerQuoteStatusItem.swift */,
				AC8480C025CBC6AF0061E7E4 /* TickerQuoteStatusItemModel.swift */,
			);
			path = "Ticker Quote View";
			sourceTree = "<group>";
		};
		AC646C4625A83F6300493F93 /* Popover */ = {
			isa = PBXGroup;
			children = (
				AC8CA36025E9B46E00DD411D /* Fundamentals */,
				AC8BED2225CDBACB007AF467 /* News */,
				AC646C4725A83FBF00493F93 /* LiveQuotePopoverView.swift */,
				AC11CD0B25AFE3F0009D9822 /* FundamentalsViewModel.swift */,
				AC61DDD025AFFAB20065FC64 /* FundamentalDataList.swift */,
				ACCED62E25D3B43700BAADBA /* CombinedFundamentals.swift */,
			);
			path = Popover;
			sourceTree = "<group>";
		};
		AC6771C8259DC5AF00F807DB /* Ticker Search View */ = {
			isa = PBXGroup;
			children = (
				AC6771A2259C5D0F00F807DB /* NewTickerSelectorView.swift */,
				AC6771C9259DC5DE00F807DB /* TickerSearchModel.swift */,
				AC6771CE259FBFD900F807DB /* TickerRow.swift */,
				AC6771D3259FC38D00F807DB /* TickerList.swift */,
				AC646C5425A8FCBF00493F93 /* NewTickerStatusItemView.swift */,
			);
			path = "Ticker Search View";
			sourceTree = "<group>";
		};
		AC737CE925C3C6F00026027C /* Background Job */ = {
			isa = PBXGroup;
			children = (
				ACF3295F25BFD521000299C2 /* BackgroundJobSubmitter.swift */,
				ACF3296425BFD588000299C2 /* BackgroundJobConfiguration.swift */,
				ACB2779025BFE606002AEEBF /* BackgroundJobSubmission.swift */,
				AC48956B25C9B46800E1BF3A /* FundamentalsBackgroundJob.swift */,
				AC8BECF325CC5E2A007AF467 /* NewsBackgroundJob.swift */,
			);
			path = "Background Job";
			sourceTree = "<group>";
		};
		AC7C76B7259C245B00082025 /* Status Bar */ = {
			isa = PBXGroup;
			children = (
				AC67719D259C56BC00F807DB /* NewTickerButton.swift */,
				AC646C3F25A83EEF00493F93 /* Ticker Quote View */,
				AC6771C8259DC5AF00F807DB /* Ticker Search View */,
				AC65D0B925955822008C6C5C /* StatusBar.swift */,
				AC646C4F25A84C8C00493F93 /* InStatusBar.swift */,
			);
			path = "Status Bar";
			sourceTree = "<group>";
		};
		AC8BED2225CDBACB007AF467 /* News */ = {
			isa = PBXGroup;
			children = (
				AC8BED1A25CDB0B2007AF467 /* NewsRow.swift */,
				AC8BED2325CDBAE8007AF467 /* NewsList.swift */,
			);
			path = News;
			sourceTree = "<group>";
		};
		AC8CA36025E9B46E00DD411D /* Fundamentals */ = {
			isa = PBXGroup;
			children = (
				AC8CA36125E9B47E00DD411D /* EquityFundamentalsView.swift */,
				AC8CA36925E9B4FB00DD411D /* CryptocurrencyFundamentalsView.swift */,
				AC69F29E25EB321A00361E8A /* ETFFundamentalsView.swift */,
				AC69F26E25E9EB7200361E8A /* SpacedDivider.swift */,
				AC69F2B825F9E45700361E8A /* FundamentalsTitle.swift */,
				AC69F2C325FB3A1600361E8A /* ExchangeTitle.swift */,
				AC69F2C825FB3AA300361E8A /* TitleWithExchange.swift */,
				AC07288D260311A900072B7C /* FundamentalsViewHelper.swift */,
			);
			path = Fundamentals;
			sourceTree = "<group>";
		};
		AC92B4712589F4B9002826F8 = {
			isa = PBXGroup;
			children = (
				AC92B47C2589F4B9002826F8 /* Alectrona */,
				AC92B4922589F4BA002826F8 /* AlectronaTests */,
				AC92B49D2589F4BA002826F8 /* AlectronaUITests */,
				AC92B47B2589F4B9002826F8 /* Products */,
			);
			sourceTree = "<group>";
		};
		AC92B47B2589F4B9002826F8 /* Products */ = {
			isa = PBXGroup;
			children = (
				AC92B47A2589F4B9002826F8 /* Alectrona.app */,
				AC92B48F2589F4BA002826F8 /* AlectronaTests.xctest */,
				AC92B49A2589F4BA002826F8 /* AlectronaUITests.xctest */,
			);
			name = Products;
			sourceTree = "<group>";
		};
		AC92B47C2589F4B9002826F8 /* Alectrona */ = {
			isa = PBXGroup;
			children = (
				AC92B47D2589F4B9002826F8 /* AppDelegate.swift */,
				ACCED65C25D855C300BAADBA /* AppDelegate+Injection.swift */,
				AC737CE925C3C6F00026027C /* Background Job */,
				AC11CCF525AED7E4009D9822 /* Fundamentals */,
				AC09EFFD25A5AF830091B227 /* Scaper */,
				AC09EFDA25A591380091B227 /* News */,
				AC45DA1A25A05A1800A4B810 /* Quote */,
				AC45DA0C25A058E700A4B810 /* Ticker */,
				ACE5EA7F2599057A00485626 /* Util */,
				ACE5EA7A259810CE00485626 /* API */,
				AC5C9C9E2591C1AA004CC724 /* VIews */,
				AC92B4812589F4BA002826F8 /* Assets.xcassets */,
				AC92B4862589F4BA002826F8 /* Main.storyboard */,
				AC92B4892589F4BA002826F8 /* Info.plist */,
				ACCED68425DA2A6E00BAADBA /* Features.plist */,
				AC92B48A2589F4BA002826F8 /* Alectrona.entitlements */,
				AC92B4832589F4BA002826F8 /* Preview Content */,
			);
			path = Alectrona;
			sourceTree = "<group>";
		};
		AC92B4832589F4BA002826F8 /* Preview Content */ = {
			isa = PBXGroup;
			children = (
				AC92B4842589F4BA002826F8 /* Preview Assets.xcassets */,
			);
			path = "Preview Content";
			sourceTree = "<group>";
		};
		AC92B4922589F4BA002826F8 /* AlectronaTests */ = {
			isa = PBXGroup;
			children = (
				AC92B4932589F4BA002826F8 /* AlectronaTests.swift */,
				AC92B4952589F4BA002826F8 /* Info.plist */,
			);
			path = AlectronaTests;
			sourceTree = "<group>";
		};
		AC92B49D2589F4BA002826F8 /* AlectronaUITests */ = {
			isa = PBXGroup;
			children = (
				AC92B49E2589F4BA002826F8 /* AlectronaUITests.swift */,
				AC92B4A02589F4BA002826F8 /* Info.plist */,
			);
			path = AlectronaUITests;
			sourceTree = "<group>";
		};
		ACB0C7A225E89BEB00B905D3 /* Type */ = {
			isa = PBXGroup;
			children = (
				ACB0C7A325E89BFB00B905D3 /* CryptocurrencyFundamentals.swift */,
				ACB0C7A825E89C0400B905D3 /* EquityFundamentals.swift */,
				ACB0C7AD25E89CAB00B905D3 /* QuoteType.swift */,
				ACB0C7C325E8A10C00B905D3 /* FundamentalsQuoteTypeResponse.swift */,
				AC69F29925EB31B500361E8A /* ETFFundamentals.swift */,
			);
			path = Type;
			sourceTree = "<group>";
		};
		ACE5EA7A259810CE00485626 /* API */ = {
			isa = PBXGroup;
			children = (
				ACE5EA6025980A3400485626 /* API.swift */,
				AC45DA0725A01E9500A4B810 /* Endpoint.swift */,
			);
			path = API;
			sourceTree = "<group>";
		};
		ACE5EA7F2599057A00485626 /* Util */ = {
			isa = PBXGroup;
			children = (
				ACE5EA802599058900485626 /* Extensions.swift */,
				AC646C8725A9A15900493F93 /* Constants.swift */,
				ACCED67F25DA296A00BAADBA /* Features.swift */,
				ACCED68925DA2AD700BAADBA /* PlistService.swift */,
			);
			path = Util;
			sourceTree = "<group>";
		};
/* End PBXGroup section */

/* Begin PBXNativeTarget section */
		AC92B4792589F4B9002826F8 /* Alectrona */ = {
			isa = PBXNativeTarget;
			buildConfigurationList = AC92B4A32589F4BA002826F8 /* Build configuration list for PBXNativeTarget "Alectrona" */;
			buildPhases = (
				AC92B4762589F4B9002826F8 /* Sources */,
				AC92B4772589F4B9002826F8 /* Frameworks */,
				AC92B4782589F4B9002826F8 /* Resources */,
			);
			buildRules = (
			);
			dependencies = (
			);
			name = Alectrona;
			packageProductDependencies = (
				AC09EFF525A5AF530091B227 /* SwiftSoup */,
				AC71D37C25C776E5005C5234 /* Defaults */,
				ACCED65425D8553C00BAADBA /* Resolver */,
				ACCED67725DA292A00BAADBA /* YMFF */,
				AC0728CE2606C85500072B7C /* SwiftProtobuf */,
				AC0728E12607C92700072B7C /* Starscream */,
			);
			productName = Alectrona;
			productReference = AC92B47A2589F4B9002826F8 /* Alectrona.app */;
			productType = "com.apple.product-type.application";
		};
		AC92B48E2589F4BA002826F8 /* AlectronaTests */ = {
			isa = PBXNativeTarget;
			buildConfigurationList = AC92B4A62589F4BA002826F8 /* Build configuration list for PBXNativeTarget "AlectronaTests" */;
			buildPhases = (
				AC92B48B2589F4BA002826F8 /* Sources */,
				AC92B48C2589F4BA002826F8 /* Frameworks */,
				AC92B48D2589F4BA002826F8 /* Resources */,
			);
			buildRules = (
			);
			dependencies = (
				AC92B4912589F4BA002826F8 /* PBXTargetDependency */,
			);
			name = AlectronaTests;
			productName = AlectronaTests;
			productReference = AC92B48F2589F4BA002826F8 /* AlectronaTests.xctest */;
			productType = "com.apple.product-type.bundle.unit-test";
		};
		AC92B4992589F4BA002826F8 /* AlectronaUITests */ = {
			isa = PBXNativeTarget;
			buildConfigurationList = AC92B4A92589F4BA002826F8 /* Build configuration list for PBXNativeTarget "AlectronaUITests" */;
			buildPhases = (
				AC92B4962589F4BA002826F8 /* Sources */,
				AC92B4972589F4BA002826F8 /* Frameworks */,
				AC92B4982589F4BA002826F8 /* Resources */,
			);
			buildRules = (
			);
			dependencies = (
				AC92B49C2589F4BA002826F8 /* PBXTargetDependency */,
			);
			name = AlectronaUITests;
			productName = AlectronaUITests;
			productReference = AC92B49A2589F4BA002826F8 /* AlectronaUITests.xctest */;
			productType = "com.apple.product-type.bundle.ui-testing";
		};
/* End PBXNativeTarget section */

/* Begin PBXProject section */
		AC92B4722589F4B9002826F8 /* Project object */ = {
			isa = PBXProject;
			attributes = {
				LastSwiftUpdateCheck = 1230;
				LastUpgradeCheck = 1240;
				TargetAttributes = {
					AC92B4792589F4B9002826F8 = {
						CreatedOnToolsVersion = 12.3;
					};
					AC92B48E2589F4BA002826F8 = {
						CreatedOnToolsVersion = 12.3;
						TestTargetID = AC92B4792589F4B9002826F8;
					};
					AC92B4992589F4BA002826F8 = {
						CreatedOnToolsVersion = 12.3;
						TestTargetID = AC92B4792589F4B9002826F8;
					};
				};
			};
			buildConfigurationList = AC92B4752589F4B9002826F8 /* Build configuration list for PBXProject "Alectrona" */;
			compatibilityVersion = "Xcode 9.3";
			developmentRegion = en;
			hasScannedForEncodings = 0;
			knownRegions = (
				en,
				Base,
			);
			mainGroup = AC92B4712589F4B9002826F8;
			packageReferences = (
				AC09EFF425A5AF530091B227 /* XCRemoteSwiftPackageReference "SwiftSoup" */,
				AC71D37B25C776E5005C5234 /* XCRemoteSwiftPackageReference "Defaults" */,
				ACCED65325D8553C00BAADBA /* XCRemoteSwiftPackageReference "Resolver" */,
				ACCED67625DA292A00BAADBA /* XCRemoteSwiftPackageReference "YMFF" */,
				AC0728CD2606C85500072B7C /* XCRemoteSwiftPackageReference "swift-protobuf" */,
				AC0728E02607C92700072B7C /* XCRemoteSwiftPackageReference "Starscream" */,
			);
			productRefGroup = AC92B47B2589F4B9002826F8 /* Products */;
			projectDirPath = "";
			projectRoot = "";
			targets = (
				AC92B4792589F4B9002826F8 /* Alectrona */,
				AC92B48E2589F4BA002826F8 /* AlectronaTests */,
				AC92B4992589F4BA002826F8 /* AlectronaUITests */,
			);
		};
/* End PBXProject section */

/* Begin PBXResourcesBuildPhase section */
		AC92B4782589F4B9002826F8 /* Resources */ = {
			isa = PBXResourcesBuildPhase;
			buildActionMask = 2147483647;
			files = (
				AC92B4882589F4BA002826F8 /* Main.storyboard in Resources */,
				AC92B4852589F4BA002826F8 /* Preview Assets.xcassets in Resources */,
				AC92B4822589F4BA002826F8 /* Assets.xcassets in Resources */,
				ACCED68525DA2A6E00BAADBA /* Features.plist in Resources */,
			);
			runOnlyForDeploymentPostprocessing = 0;
		};
		AC92B48D2589F4BA002826F8 /* Resources */ = {
			isa = PBXResourcesBuildPhase;
			buildActionMask = 2147483647;
			files = (
			);
			runOnlyForDeploymentPostprocessing = 0;
		};
		AC92B4982589F4BA002826F8 /* Resources */ = {
			isa = PBXResourcesBuildPhase;
			buildActionMask = 2147483647;
			files = (
			);
			runOnlyForDeploymentPostprocessing = 0;
		};
/* End PBXResourcesBuildPhase section */

/* Begin PBXSourcesBuildPhase section */
		AC92B4762589F4B9002826F8 /* Sources */ = {
			isa = PBXSourcesBuildPhase;
			buildActionMask = 2147483647;
			files = (
				AC072924260B0D4300072B7C /* LiveQuoteStream.swift in Sources */,
				AC69F29F25EB321A00361E8A /* ETFFundamentalsView.swift in Sources */,
				AC646C8825A9A15900493F93 /* Constants.swift in Sources */,
				AC69F2B925F9E45700361E8A /* FundamentalsTitle.swift in Sources */,
				AC69F2C425FB3A1600361E8A /* ExchangeTitle.swift in Sources */,
				AC7C76A8259C06C500082025 /* TickerQuoteStatusItem.swift in Sources */,
				AC11CCFC25AED8F4009D9822 /* FundamentalsController.swift in Sources */,
				AC11CD0C25AFE3F0009D9822 /* FundamentalsViewModel.swift in Sources */,
				AC6771D4259FC38D00F807DB /* TickerList.swift in Sources */,
				AC6771CF259FBFD900F807DB /* TickerRow.swift in Sources */,
				AC65D0BF259559F6008C6C5C /* StatusBarTickerDisplay.swift in Sources */,
				ACCED65D25D855C300BAADBA /* AppDelegate+Injection.swift in Sources */,
				AC8BECF425CC5E2A007AF467 /* NewsBackgroundJob.swift in Sources */,
				ACCED62F25D3B43700BAADBA /* CombinedFundamentals.swift in Sources */,
				AC45DA1625A05A1100A4B810 /* ApiQuote.swift in Sources */,
				AC45DA0325A01D2400A4B810 /* Ticker.swift in Sources */,
				AC69F26F25E9EB7200361E8A /* SpacedDivider.swift in Sources */,
				AC07290826086DD100072B7C /* Quote.swift in Sources */,
				AC8BED1B25CDB0B2007AF467 /* NewsRow.swift in Sources */,
				AC45DA1C25A05A3100A4B810 /* QuoteController.swift in Sources */,
				AC6771A3259C5D0F00F807DB /* NewTickerSelectorView.swift in Sources */,
				AC8CA36A25E9B4FB00DD411D /* CryptocurrencyFundamentalsView.swift in Sources */,
				ACB0C7AE25E89CAB00B905D3 /* QuoteType.swift in Sources */,
				ACE5EA6125980A3400485626 /* API.swift in Sources */,
				AC646C5525A8FCBF00493F93 /* NewTickerStatusItemView.swift in Sources */,
				ACB0C7A925E89C0400B905D3 /* EquityFundamentals.swift in Sources */,
				ACF3296025BFD521000299C2 /* BackgroundJobSubmitter.swift in Sources */,
				AC646C4825A83FBF00493F93 /* LiveQuotePopoverView.swift in Sources */,
				AC65D0BA25955822008C6C5C /* StatusBar.swift in Sources */,
				AC646C5025A84C8C00493F93 /* InStatusBar.swift in Sources */,
				AC8480C125CBC6AF0061E7E4 /* TickerQuoteStatusItemModel.swift in Sources */,
				AC45DA2125A068AF00A4B810 /* LiveQuote.swift in Sources */,
				AC07290D26086F3E00072B7C /* StreamedQuote.swift in Sources */,
				AC45DA0825A01E9500A4B810 /* Endpoint.swift in Sources */,
				AC69F2C925FB3AA300361E8A /* TitleWithExchange.swift in Sources */,
				AC09EFFF25A5AF980091B227 /* HTMLScraper.swift in Sources */,
				ACCED68A25DA2AD700BAADBA /* PlistService.swift in Sources */,
				AC8BED0225CD0F54007AF467 /* StockNewsController.swift in Sources */,
				AC09EFDC25A591600091B227 /* News.swift in Sources */,
				AC45DA1125A0593E00A4B810 /* TickerController.swift in Sources */,
				AC6771CA259DC5DE00F807DB /* TickerSearchModel.swift in Sources */,
				AC8BED2425CDBAE8007AF467 /* NewsList.swift in Sources */,
				ACB0C7C425E8A10C00B905D3 /* FundamentalsQuoteTypeResponse.swift in Sources */,
				AC69F29A25EB31B500361E8A /* ETFFundamentals.swift in Sources */,
				AC67719E259C56BC00F807DB /* NewTickerButton.swift in Sources */,
				AC8CA36225E9B47E00DD411D /* EquityFundamentalsView.swift in Sources */,
				ACCED64025D5983600BAADBA /* StyleRespectingGrayText.swift in Sources */,
				ACB2779125BFE606002AEEBF /* BackgroundJobSubmission.swift in Sources */,
				ACF3296525BFD588000299C2 /* BackgroundJobConfiguration.swift in Sources */,
				AC09EFEB25A5AA420091B227 /* NewsLinkController.swift in Sources */,
				AC09EFF025A5AEC00091B227 /* NewsScraper.swift in Sources */,
				AC61DDD125AFFAB20065FC64 /* FundamentalDataList.swift in Sources */,
				AC07288E260311A900072B7C /* FundamentalsViewHelper.swift in Sources */,
				AC0728DC26071BC200072B7C /* QuoteStreamer.swift in Sources */,
				AC09EFE625A5A95F0091B227 /* NewsLink.swift in Sources */,
				AC48956C25C9B46800E1BF3A /* FundamentalsBackgroundJob.swift in Sources */,
				ACB0C7A425E89BFB00B905D3 /* CryptocurrencyFundamentals.swift in Sources */,
				ACCED68025DA296A00BAADBA /* Features.swift in Sources */,
				AC09EFE125A5916D0091B227 /* NewsController.swift in Sources */,
				AC92B47E2589F4B9002826F8 /* AppDelegate.swift in Sources */,
				AC0728D42606C8ED00072B7C /* PricingData.pb.swift in Sources */,
				ACE5EA812599058900485626 /* Extensions.swift in Sources */,
			);
			runOnlyForDeploymentPostprocessing = 0;
		};
		AC92B48B2589F4BA002826F8 /* Sources */ = {
			isa = PBXSourcesBuildPhase;
			buildActionMask = 2147483647;
			files = (
				AC92B4942589F4BA002826F8 /* AlectronaTests.swift in Sources */,
			);
			runOnlyForDeploymentPostprocessing = 0;
		};
		AC92B4962589F4BA002826F8 /* Sources */ = {
			isa = PBXSourcesBuildPhase;
			buildActionMask = 2147483647;
			files = (
				AC92B49F2589F4BA002826F8 /* AlectronaUITests.swift in Sources */,
			);
			runOnlyForDeploymentPostprocessing = 0;
		};
/* End PBXSourcesBuildPhase section */

/* Begin PBXTargetDependency section */
		AC92B4912589F4BA002826F8 /* PBXTargetDependency */ = {
			isa = PBXTargetDependency;
			target = AC92B4792589F4B9002826F8 /* Alectrona */;
			targetProxy = AC92B4902589F4BA002826F8 /* PBXContainerItemProxy */;
		};
		AC92B49C2589F4BA002826F8 /* PBXTargetDependency */ = {
			isa = PBXTargetDependency;
			target = AC92B4792589F4B9002826F8 /* Alectrona */;
			targetProxy = AC92B49B2589F4BA002826F8 /* PBXContainerItemProxy */;
		};
/* End PBXTargetDependency section */

/* Begin PBXVariantGroup section */
		AC92B4862589F4BA002826F8 /* Main.storyboard */ = {
			isa = PBXVariantGroup;
			children = (
				AC92B4872589F4BA002826F8 /* Base */,
			);
			name = Main.storyboard;
			sourceTree = "<group>";
		};
/* End PBXVariantGroup section */

/* Begin XCBuildConfiguration section */
		AC92B4A12589F4BA002826F8 /* Debug */ = {
			isa = XCBuildConfiguration;
			buildSettings = {
				ALWAYS_SEARCH_USER_PATHS = NO;
				CLANG_ANALYZER_NONNULL = YES;
				CLANG_ANALYZER_NUMBER_OBJECT_CONVERSION = YES_AGGRESSIVE;
				CLANG_CXX_LANGUAGE_STANDARD = "gnu++14";
				CLANG_CXX_LIBRARY = "libc++";
				CLANG_ENABLE_MODULES = YES;
				CLANG_ENABLE_OBJC_ARC = YES;
				CLANG_ENABLE_OBJC_WEAK = YES;
				CLANG_WARN_BLOCK_CAPTURE_AUTORELEASING = YES;
				CLANG_WARN_BOOL_CONVERSION = YES;
				CLANG_WARN_COMMA = YES;
				CLANG_WARN_CONSTANT_CONVERSION = YES;
				CLANG_WARN_DEPRECATED_OBJC_IMPLEMENTATIONS = YES;
				CLANG_WARN_DIRECT_OBJC_ISA_USAGE = YES_ERROR;
				CLANG_WARN_DOCUMENTATION_COMMENTS = YES;
				CLANG_WARN_EMPTY_BODY = YES;
				CLANG_WARN_ENUM_CONVERSION = YES;
				CLANG_WARN_INFINITE_RECURSION = YES;
				CLANG_WARN_INT_CONVERSION = YES;
				CLANG_WARN_NON_LITERAL_NULL_CONVERSION = YES;
				CLANG_WARN_OBJC_IMPLICIT_RETAIN_SELF = YES;
				CLANG_WARN_OBJC_LITERAL_CONVERSION = YES;
				CLANG_WARN_OBJC_ROOT_CLASS = YES_ERROR;
				CLANG_WARN_QUOTED_INCLUDE_IN_FRAMEWORK_HEADER = YES;
				CLANG_WARN_RANGE_LOOP_ANALYSIS = YES;
				CLANG_WARN_STRICT_PROTOTYPES = YES;
				CLANG_WARN_SUSPICIOUS_MOVE = YES;
				CLANG_WARN_UNGUARDED_AVAILABILITY = YES_AGGRESSIVE;
				CLANG_WARN_UNREACHABLE_CODE = YES;
				CLANG_WARN__DUPLICATE_METHOD_MATCH = YES;
				COPY_PHASE_STRIP = NO;
				DEBUG_INFORMATION_FORMAT = dwarf;
				ENABLE_STRICT_OBJC_MSGSEND = YES;
				ENABLE_TESTABILITY = YES;
				GCC_C_LANGUAGE_STANDARD = gnu11;
				GCC_DYNAMIC_NO_PIC = NO;
				GCC_NO_COMMON_BLOCKS = YES;
				GCC_OPTIMIZATION_LEVEL = 0;
				GCC_PREPROCESSOR_DEFINITIONS = (
					"DEBUG=1",
					"$(inherited)",
				);
				GCC_WARN_64_TO_32_BIT_CONVERSION = YES;
				GCC_WARN_ABOUT_RETURN_TYPE = YES_ERROR;
				GCC_WARN_UNDECLARED_SELECTOR = YES;
				GCC_WARN_UNINITIALIZED_AUTOS = YES_AGGRESSIVE;
				GCC_WARN_UNUSED_FUNCTION = YES;
				GCC_WARN_UNUSED_VARIABLE = YES;
				MACOSX_DEPLOYMENT_TARGET = 11.1;
				MTL_ENABLE_DEBUG_INFO = INCLUDE_SOURCE;
				MTL_FAST_MATH = YES;
				ONLY_ACTIVE_ARCH = YES;
				SDKROOT = macosx;
				SWIFT_ACTIVE_COMPILATION_CONDITIONS = DEBUG;
				SWIFT_OPTIMIZATION_LEVEL = "-Onone";
			};
			name = Debug;
		};
		AC92B4A22589F4BA002826F8 /* Release */ = {
			isa = XCBuildConfiguration;
			buildSettings = {
				ALWAYS_SEARCH_USER_PATHS = NO;
				CLANG_ANALYZER_NONNULL = YES;
				CLANG_ANALYZER_NUMBER_OBJECT_CONVERSION = YES_AGGRESSIVE;
				CLANG_CXX_LANGUAGE_STANDARD = "gnu++14";
				CLANG_CXX_LIBRARY = "libc++";
				CLANG_ENABLE_MODULES = YES;
				CLANG_ENABLE_OBJC_ARC = YES;
				CLANG_ENABLE_OBJC_WEAK = YES;
				CLANG_WARN_BLOCK_CAPTURE_AUTORELEASING = YES;
				CLANG_WARN_BOOL_CONVERSION = YES;
				CLANG_WARN_COMMA = YES;
				CLANG_WARN_CONSTANT_CONVERSION = YES;
				CLANG_WARN_DEPRECATED_OBJC_IMPLEMENTATIONS = YES;
				CLANG_WARN_DIRECT_OBJC_ISA_USAGE = YES_ERROR;
				CLANG_WARN_DOCUMENTATION_COMMENTS = YES;
				CLANG_WARN_EMPTY_BODY = YES;
				CLANG_WARN_ENUM_CONVERSION = YES;
				CLANG_WARN_INFINITE_RECURSION = YES;
				CLANG_WARN_INT_CONVERSION = YES;
				CLANG_WARN_NON_LITERAL_NULL_CONVERSION = YES;
				CLANG_WARN_OBJC_IMPLICIT_RETAIN_SELF = YES;
				CLANG_WARN_OBJC_LITERAL_CONVERSION = YES;
				CLANG_WARN_OBJC_ROOT_CLASS = YES_ERROR;
				CLANG_WARN_QUOTED_INCLUDE_IN_FRAMEWORK_HEADER = YES;
				CLANG_WARN_RANGE_LOOP_ANALYSIS = YES;
				CLANG_WARN_STRICT_PROTOTYPES = YES;
				CLANG_WARN_SUSPICIOUS_MOVE = YES;
				CLANG_WARN_UNGUARDED_AVAILABILITY = YES_AGGRESSIVE;
				CLANG_WARN_UNREACHABLE_CODE = YES;
				CLANG_WARN__DUPLICATE_METHOD_MATCH = YES;
				COPY_PHASE_STRIP = NO;
				DEBUG_INFORMATION_FORMAT = "dwarf-with-dsym";
				ENABLE_NS_ASSERTIONS = NO;
				ENABLE_STRICT_OBJC_MSGSEND = YES;
				GCC_C_LANGUAGE_STANDARD = gnu11;
				GCC_NO_COMMON_BLOCKS = YES;
				GCC_WARN_64_TO_32_BIT_CONVERSION = YES;
				GCC_WARN_ABOUT_RETURN_TYPE = YES_ERROR;
				GCC_WARN_UNDECLARED_SELECTOR = YES;
				GCC_WARN_UNINITIALIZED_AUTOS = YES_AGGRESSIVE;
				GCC_WARN_UNUSED_FUNCTION = YES;
				GCC_WARN_UNUSED_VARIABLE = YES;
				MACOSX_DEPLOYMENT_TARGET = 11.1;
				MTL_ENABLE_DEBUG_INFO = NO;
				MTL_FAST_MATH = YES;
				SDKROOT = macosx;
				SWIFT_COMPILATION_MODE = wholemodule;
				SWIFT_OPTIMIZATION_LEVEL = "-O";
			};
			name = Release;
		};
		AC92B4A42589F4BA002826F8 /* Debug */ = {
			isa = XCBuildConfiguration;
			buildSettings = {
				ASSETCATALOG_COMPILER_APPICON_NAME = AppIcon;
				ASSETCATALOG_COMPILER_GLOBAL_ACCENT_COLOR_NAME = AccentColor;
				CODE_SIGN_ENTITLEMENTS = Alectrona/Alectrona.entitlements;
				CODE_SIGN_IDENTITY = "-";
				CODE_SIGN_STYLE = Automatic;
				COMBINE_HIDPI_IMAGES = YES;
				DEVELOPMENT_ASSET_PATHS = "\"Alectrona/Preview Content\"";
				ENABLE_PREVIEWS = YES;
				INFOPLIST_FILE = Alectrona/Info.plist;
				LD_RUNPATH_SEARCH_PATHS = (
					"$(inherited)",
					"@executable_path/../Frameworks",
				);
				MACOSX_DEPLOYMENT_TARGET = 11.0;
				MARKETING_VERSION = 0.1;
				PRODUCT_BUNDLE_IDENTIFIER = nickdonald.Alectrona;
				PRODUCT_NAME = "$(TARGET_NAME)";
				SWIFT_VERSION = 5.0;
			};
			name = Debug;
		};
		AC92B4A52589F4BA002826F8 /* Release */ = {
			isa = XCBuildConfiguration;
			buildSettings = {
				ASSETCATALOG_COMPILER_APPICON_NAME = AppIcon;
				ASSETCATALOG_COMPILER_GLOBAL_ACCENT_COLOR_NAME = AccentColor;
				CODE_SIGN_ENTITLEMENTS = Alectrona/Alectrona.entitlements;
				CODE_SIGN_IDENTITY = "-";
				CODE_SIGN_STYLE = Automatic;
				COMBINE_HIDPI_IMAGES = YES;
				DEVELOPMENT_ASSET_PATHS = "\"Alectrona/Preview Content\"";
				ENABLE_PREVIEWS = YES;
				INFOPLIST_FILE = Alectrona/Info.plist;
				LD_RUNPATH_SEARCH_PATHS = (
					"$(inherited)",
					"@executable_path/../Frameworks",
				);
				MACOSX_DEPLOYMENT_TARGET = 11.0;
				MARKETING_VERSION = 0.1;
				PRODUCT_BUNDLE_IDENTIFIER = nickdonald.Alectrona;
				PRODUCT_NAME = "$(TARGET_NAME)";
				SWIFT_VERSION = 5.0;
			};
			name = Release;
		};
		AC92B4A72589F4BA002826F8 /* Debug */ = {
			isa = XCBuildConfiguration;
			buildSettings = {
				ALWAYS_EMBED_SWIFT_STANDARD_LIBRARIES = YES;
				BUNDLE_LOADER = "$(TEST_HOST)";
				CODE_SIGN_STYLE = Automatic;
				COMBINE_HIDPI_IMAGES = YES;
				INFOPLIST_FILE = AlectronaTests/Info.plist;
				LD_RUNPATH_SEARCH_PATHS = (
					"$(inherited)",
					"@executable_path/../Frameworks",
					"@loader_path/../Frameworks",
				);
				MACOSX_DEPLOYMENT_TARGET = 11.0;
				PRODUCT_BUNDLE_IDENTIFIER = nickdonald.AlectronaTests;
				PRODUCT_NAME = "$(TARGET_NAME)";
				SWIFT_VERSION = 5.0;
				TEST_HOST = "$(BUILT_PRODUCTS_DIR)/Alectrona.app/Contents/MacOS/Alectrona";
			};
			name = Debug;
		};
		AC92B4A82589F4BA002826F8 /* Release */ = {
			isa = XCBuildConfiguration;
			buildSettings = {
				ALWAYS_EMBED_SWIFT_STANDARD_LIBRARIES = YES;
				BUNDLE_LOADER = "$(TEST_HOST)";
				CODE_SIGN_STYLE = Automatic;
				COMBINE_HIDPI_IMAGES = YES;
				INFOPLIST_FILE = AlectronaTests/Info.plist;
				LD_RUNPATH_SEARCH_PATHS = (
					"$(inherited)",
					"@executable_path/../Frameworks",
					"@loader_path/../Frameworks",
				);
				MACOSX_DEPLOYMENT_TARGET = 11.0;
				PRODUCT_BUNDLE_IDENTIFIER = nickdonald.AlectronaTests;
				PRODUCT_NAME = "$(TARGET_NAME)";
				SWIFT_VERSION = 5.0;
				TEST_HOST = "$(BUILT_PRODUCTS_DIR)/Alectrona.app/Contents/MacOS/Alectrona";
			};
			name = Release;
		};
		AC92B4AA2589F4BA002826F8 /* Debug */ = {
			isa = XCBuildConfiguration;
			buildSettings = {
				ALWAYS_EMBED_SWIFT_STANDARD_LIBRARIES = YES;
				CODE_SIGN_STYLE = Automatic;
				COMBINE_HIDPI_IMAGES = YES;
				INFOPLIST_FILE = AlectronaUITests/Info.plist;
				LD_RUNPATH_SEARCH_PATHS = (
					"$(inherited)",
					"@executable_path/../Frameworks",
					"@loader_path/../Frameworks",
				);
				PRODUCT_BUNDLE_IDENTIFIER = nickdonald.AlectronaUITests;
				PRODUCT_NAME = "$(TARGET_NAME)";
				SWIFT_VERSION = 5.0;
				TEST_TARGET_NAME = Alectrona;
			};
			name = Debug;
		};
		AC92B4AB2589F4BA002826F8 /* Release */ = {
			isa = XCBuildConfiguration;
			buildSettings = {
				ALWAYS_EMBED_SWIFT_STANDARD_LIBRARIES = YES;
				CODE_SIGN_STYLE = Automatic;
				COMBINE_HIDPI_IMAGES = YES;
				INFOPLIST_FILE = AlectronaUITests/Info.plist;
				LD_RUNPATH_SEARCH_PATHS = (
					"$(inherited)",
					"@executable_path/../Frameworks",
					"@loader_path/../Frameworks",
				);
				PRODUCT_BUNDLE_IDENTIFIER = nickdonald.AlectronaUITests;
				PRODUCT_NAME = "$(TARGET_NAME)";
				SWIFT_VERSION = 5.0;
				TEST_TARGET_NAME = Alectrona;
			};
			name = Release;
		};
/* End XCBuildConfiguration section */

/* Begin XCConfigurationList section */
		AC92B4752589F4B9002826F8 /* Build configuration list for PBXProject "Alectrona" */ = {
			isa = XCConfigurationList;
			buildConfigurations = (
				AC92B4A12589F4BA002826F8 /* Debug */,
				AC92B4A22589F4BA002826F8 /* Release */,
			);
			defaultConfigurationIsVisible = 0;
			defaultConfigurationName = Release;
		};
		AC92B4A32589F4BA002826F8 /* Build configuration list for PBXNativeTarget "Alectrona" */ = {
			isa = XCConfigurationList;
			buildConfigurations = (
				AC92B4A42589F4BA002826F8 /* Debug */,
				AC92B4A52589F4BA002826F8 /* Release */,
			);
			defaultConfigurationIsVisible = 0;
			defaultConfigurationName = Release;
		};
		AC92B4A62589F4BA002826F8 /* Build configuration list for PBXNativeTarget "AlectronaTests" */ = {
			isa = XCConfigurationList;
			buildConfigurations = (
				AC92B4A72589F4BA002826F8 /* Debug */,
				AC92B4A82589F4BA002826F8 /* Release */,
			);
			defaultConfigurationIsVisible = 0;
			defaultConfigurationName = Release;
		};
		AC92B4A92589F4BA002826F8 /* Build configuration list for PBXNativeTarget "AlectronaUITests" */ = {
			isa = XCConfigurationList;
			buildConfigurations = (
				AC92B4AA2589F4BA002826F8 /* Debug */,
				AC92B4AB2589F4BA002826F8 /* Release */,
			);
			defaultConfigurationIsVisible = 0;
			defaultConfigurationName = Release;
		};
/* End XCConfigurationList section */

/* Begin XCRemoteSwiftPackageReference section */
		AC0728CD2606C85500072B7C /* XCRemoteSwiftPackageReference "swift-protobuf" */ = {
			isa = XCRemoteSwiftPackageReference;
			repositoryURL = "https://github.com/apple/swift-protobuf.git";
			requirement = {
				kind = upToNextMajorVersion;
				minimumVersion = 1.15.0;
			};
		};
		AC0728E02607C92700072B7C /* XCRemoteSwiftPackageReference "Starscream" */ = {
			isa = XCRemoteSwiftPackageReference;
			repositoryURL = "https://github.com/daltoniam/Starscream.git";
			requirement = {
				kind = upToNextMajorVersion;
				minimumVersion = 4.0.4;
			};
		};
		AC09EFF425A5AF530091B227 /* XCRemoteSwiftPackageReference "SwiftSoup" */ = {
			isa = XCRemoteSwiftPackageReference;
			repositoryURL = "https://github.com/scinfu/SwiftSoup.git";
			requirement = {
				kind = upToNextMajorVersion;
				minimumVersion = 2.3.2;
			};
		};
		AC71D37B25C776E5005C5234 /* XCRemoteSwiftPackageReference "Defaults" */ = {
			isa = XCRemoteSwiftPackageReference;
			repositoryURL = "https://github.com/sindresorhus/Defaults";
			requirement = {
				kind = upToNextMajorVersion;
				minimumVersion = 4.1.0;
			};
		};
		ACCED65325D8553C00BAADBA /* XCRemoteSwiftPackageReference "Resolver" */ = {
			isa = XCRemoteSwiftPackageReference;
			repositoryURL = "https://github.com/hmlongco/Resolver.git";
			requirement = {
				kind = upToNextMajorVersion;
				minimumVersion = 1.4.0;
			};
		};
		ACCED67625DA292A00BAADBA /* XCRemoteSwiftPackageReference "YMFF" */ = {
			isa = XCRemoteSwiftPackageReference;
			repositoryURL = "https://github.com/yakovmanshin/YMFF";
			requirement = {
				kind = upToNextMajorVersion;
				minimumVersion = 1.1.0;
			};
		};
/* End XCRemoteSwiftPackageReference section */

/* Begin XCSwiftPackageProductDependency section */
		AC0728CE2606C85500072B7C /* SwiftProtobuf */ = {
			isa = XCSwiftPackageProductDependency;
			package = AC0728CD2606C85500072B7C /* XCRemoteSwiftPackageReference "swift-protobuf" */;
			productName = SwiftProtobuf;
		};
		AC0728E12607C92700072B7C /* Starscream */ = {
			isa = XCSwiftPackageProductDependency;
			package = AC0728E02607C92700072B7C /* XCRemoteSwiftPackageReference "Starscream" */;
			productName = Starscream;
		};
		AC09EFF525A5AF530091B227 /* SwiftSoup */ = {
			isa = XCSwiftPackageProductDependency;
			package = AC09EFF425A5AF530091B227 /* XCRemoteSwiftPackageReference "SwiftSoup" */;
			productName = SwiftSoup;
		};
		AC71D37C25C776E5005C5234 /* Defaults */ = {
			isa = XCSwiftPackageProductDependency;
			package = AC71D37B25C776E5005C5234 /* XCRemoteSwiftPackageReference "Defaults" */;
			productName = Defaults;
		};
		ACCED65425D8553C00BAADBA /* Resolver */ = {
			isa = XCSwiftPackageProductDependency;
			package = ACCED65325D8553C00BAADBA /* XCRemoteSwiftPackageReference "Resolver" */;
			productName = Resolver;
		};
		ACCED67725DA292A00BAADBA /* YMFF */ = {
			isa = XCSwiftPackageProductDependency;
			package = ACCED67625DA292A00BAADBA /* XCRemoteSwiftPackageReference "YMFF" */;
			productName = YMFF;
		};
/* End XCSwiftPackageProductDependency section */
	};
	rootObject = AC92B4722589F4B9002826F8 /* Project object */;
}
