// !$*UTF8*$!
{
	archiveVersion = 1;
	classes = {
	};
	objectVersion = 52;
	objects = {

/* Begin PBXBuildFile section */
		486E53E90906DABD58DFAEF7 /* Pods_Alectrona.framework in Frameworks */ = {isa = PBXBuildFile; fileRef = 922B08E465C063D61DFFBEFA /* Pods_Alectrona.framework */; };
		AC65D0BA25955822008C6C5C /* StatusBar.swift in Sources */ = {isa = PBXBuildFile; fileRef = AC65D0B925955822008C6C5C /* StatusBar.swift */; };
		AC65D0BF259559F6008C6C5C /* StatusBarTickerDisplay.swift in Sources */ = {isa = PBXBuildFile; fileRef = AC65D0BE259559F6008C6C5C /* StatusBarTickerDisplay.swift */; };
		AC92B47E2589F4B9002826F8 /* AppDelegate.swift in Sources */ = {isa = PBXBuildFile; fileRef = AC92B47D2589F4B9002826F8 /* AppDelegate.swift */; };
		AC92B4822589F4BA002826F8 /* Assets.xcassets in Resources */ = {isa = PBXBuildFile; fileRef = AC92B4812589F4BA002826F8 /* Assets.xcassets */; };
		AC92B4852589F4BA002826F8 /* Preview Assets.xcassets in Resources */ = {isa = PBXBuildFile; fileRef = AC92B4842589F4BA002826F8 /* Preview Assets.xcassets */; };
		AC92B4882589F4BA002826F8 /* Main.storyboard in Resources */ = {isa = PBXBuildFile; fileRef = AC92B4862589F4BA002826F8 /* Main.storyboard */; };
		AC92B4942589F4BA002826F8 /* AlectronaTests.swift in Sources */ = {isa = PBXBuildFile; fileRef = AC92B4932589F4BA002826F8 /* AlectronaTests.swift */; };
		AC92B49F2589F4BA002826F8 /* AlectronaUITests.swift in Sources */ = {isa = PBXBuildFile; fileRef = AC92B49E2589F4BA002826F8 /* AlectronaUITests.swift */; };
		ACE5EA6125980A3400485626 /* QuoteLoader.swift in Sources */ = {isa = PBXBuildFile; fileRef = ACE5EA6025980A3400485626 /* QuoteLoader.swift */; };
		ACE5EA812599058900485626 /* Extensions.swift in Sources */ = {isa = PBXBuildFile; fileRef = ACE5EA802599058900485626 /* Extensions.swift */; };
		ACE5EAAC2599388500485626 /* LiveQuote.swift in Sources */ = {isa = PBXBuildFile; fileRef = ACE5EAAB2599388500485626 /* LiveQuote.swift */; };
		ACE5EABA25993AFB00485626 /* LiveQuoteStore.swift in Sources */ = {isa = PBXBuildFile; fileRef = ACE5EAB925993AFB00485626 /* LiveQuoteStore.swift */; };
		ACE5EAC0259A581700485626 /* QuoteRunner.swift in Sources */ = {isa = PBXBuildFile; fileRef = ACE5EABF259A581700485626 /* QuoteRunner.swift */; };
		AD70A8D0F14679867CDD22AF /* Pods_Alectrona_AlectronaUITests.framework in Frameworks */ = {isa = PBXBuildFile; fileRef = 154C042B8E71643B3982C387 /* Pods_Alectrona_AlectronaUITests.framework */; };
		E3374D5BA3650C86B2D83EFD /* Pods_AlectronaTests.framework in Frameworks */ = {isa = PBXBuildFile; fileRef = 2F8E4440523D00ED7EB9AA7A /* Pods_AlectronaTests.framework */; };
/* End PBXBuildFile section */

/* Begin PBXContainerItemProxy section */
		AC92B4902589F4BA002826F8 /* PBXContainerItemProxy */ = {
			isa = PBXContainerItemProxy;
			containerPortal = AC92B4722589F4B9002826F8 /* Project object */;
			proxyType = 1;
			remoteGlobalIDString = AC92B4792589F4B9002826F8;
			remoteInfo = Alectrona;
		};
		AC92B49B2589F4BA002826F8 /* PBXContainerItemProxy */ = {
			isa = PBXContainerItemProxy;
			containerPortal = AC92B4722589F4B9002826F8 /* Project object */;
			proxyType = 1;
			remoteGlobalIDString = AC92B4792589F4B9002826F8;
			remoteInfo = Alectrona;
		};
/* End PBXContainerItemProxy section */

/* Begin PBXFileReference section */
		045919F85AF78EC531A95F80 /* Pods-AlectronaTests.release.xcconfig */ = {isa = PBXFileReference; includeInIndex = 1; lastKnownFileType = text.xcconfig; name = "Pods-AlectronaTests.release.xcconfig"; path = "Target Support Files/Pods-AlectronaTests/Pods-AlectronaTests.release.xcconfig"; sourceTree = "<group>"; };
		154C042B8E71643B3982C387 /* Pods_Alectrona_AlectronaUITests.framework */ = {isa = PBXFileReference; explicitFileType = wrapper.framework; includeInIndex = 0; path = Pods_Alectrona_AlectronaUITests.framework; sourceTree = BUILT_PRODUCTS_DIR; };
		24104C673B21AFEE38C88673 /* Pods-Alectrona-AlectronaUITests.release.xcconfig */ = {isa = PBXFileReference; includeInIndex = 1; lastKnownFileType = text.xcconfig; name = "Pods-Alectrona-AlectronaUITests.release.xcconfig"; path = "Target Support Files/Pods-Alectrona-AlectronaUITests/Pods-Alectrona-AlectronaUITests.release.xcconfig"; sourceTree = "<group>"; };
		2F8E4440523D00ED7EB9AA7A /* Pods_AlectronaTests.framework */ = {isa = PBXFileReference; explicitFileType = wrapper.framework; includeInIndex = 0; path = Pods_AlectronaTests.framework; sourceTree = BUILT_PRODUCTS_DIR; };
		63804F299E522A6611217C04 /* Pods-Alectrona.release.xcconfig */ = {isa = PBXFileReference; includeInIndex = 1; lastKnownFileType = text.xcconfig; name = "Pods-Alectrona.release.xcconfig"; path = "Target Support Files/Pods-Alectrona/Pods-Alectrona.release.xcconfig"; sourceTree = "<group>"; };
		922B08E465C063D61DFFBEFA /* Pods_Alectrona.framework */ = {isa = PBXFileReference; explicitFileType = wrapper.framework; includeInIndex = 0; path = Pods_Alectrona.framework; sourceTree = BUILT_PRODUCTS_DIR; };
		AC65D0B925955822008C6C5C /* StatusBar.swift */ = {isa = PBXFileReference; lastKnownFileType = sourcecode.swift; path = StatusBar.swift; sourceTree = "<group>"; };
		AC65D0BE259559F6008C6C5C /* StatusBarTickerDisplay.swift */ = {isa = PBXFileReference; lastKnownFileType = sourcecode.swift; path = StatusBarTickerDisplay.swift; sourceTree = "<group>"; };
		AC92B47A2589F4B9002826F8 /* Alectrona.app */ = {isa = PBXFileReference; explicitFileType = wrapper.application; includeInIndex = 0; path = Alectrona.app; sourceTree = BUILT_PRODUCTS_DIR; };
		AC92B47D2589F4B9002826F8 /* AppDelegate.swift */ = {isa = PBXFileReference; lastKnownFileType = sourcecode.swift; path = AppDelegate.swift; sourceTree = "<group>"; };
		AC92B4812589F4BA002826F8 /* Assets.xcassets */ = {isa = PBXFileReference; lastKnownFileType = folder.assetcatalog; path = Assets.xcassets; sourceTree = "<group>"; };
		AC92B4842589F4BA002826F8 /* Preview Assets.xcassets */ = {isa = PBXFileReference; lastKnownFileType = folder.assetcatalog; path = "Preview Assets.xcassets"; sourceTree = "<group>"; };
		AC92B4872589F4BA002826F8 /* Base */ = {isa = PBXFileReference; lastKnownFileType = file.storyboard; name = Base; path = Base.lproj/Main.storyboard; sourceTree = "<group>"; };
		AC92B4892589F4BA002826F8 /* Info.plist */ = {isa = PBXFileReference; lastKnownFileType = text.plist.xml; path = Info.plist; sourceTree = "<group>"; };
		AC92B48A2589F4BA002826F8 /* Alectrona.entitlements */ = {isa = PBXFileReference; lastKnownFileType = text.plist.entitlements; path = Alectrona.entitlements; sourceTree = "<group>"; };
		AC92B48F2589F4BA002826F8 /* AlectronaTests.xctest */ = {isa = PBXFileReference; explicitFileType = wrapper.cfbundle; includeInIndex = 0; path = AlectronaTests.xctest; sourceTree = BUILT_PRODUCTS_DIR; };
		AC92B4932589F4BA002826F8 /* AlectronaTests.swift */ = {isa = PBXFileReference; lastKnownFileType = sourcecode.swift; path = AlectronaTests.swift; sourceTree = "<group>"; };
		AC92B4952589F4BA002826F8 /* Info.plist */ = {isa = PBXFileReference; lastKnownFileType = text.plist.xml; path = Info.plist; sourceTree = "<group>"; };
		AC92B49A2589F4BA002826F8 /* AlectronaUITests.xctest */ = {isa = PBXFileReference; explicitFileType = wrapper.cfbundle; includeInIndex = 0; path = AlectronaUITests.xctest; sourceTree = BUILT_PRODUCTS_DIR; };
		AC92B49E2589F4BA002826F8 /* AlectronaUITests.swift */ = {isa = PBXFileReference; lastKnownFileType = sourcecode.swift; path = AlectronaUITests.swift; sourceTree = "<group>"; };
		AC92B4A02589F4BA002826F8 /* Info.plist */ = {isa = PBXFileReference; lastKnownFileType = text.plist.xml; path = Info.plist; sourceTree = "<group>"; };
		ACE5EA6025980A3400485626 /* QuoteLoader.swift */ = {isa = PBXFileReference; lastKnownFileType = sourcecode.swift; path = QuoteLoader.swift; sourceTree = "<group>"; };
		ACE5EA802599058900485626 /* Extensions.swift */ = {isa = PBXFileReference; lastKnownFileType = sourcecode.swift; path = Extensions.swift; sourceTree = "<group>"; };
		ACE5EAAB2599388500485626 /* LiveQuote.swift */ = {isa = PBXFileReference; lastKnownFileType = sourcecode.swift; path = LiveQuote.swift; sourceTree = "<group>"; };
		ACE5EAB925993AFB00485626 /* LiveQuoteStore.swift */ = {isa = PBXFileReference; lastKnownFileType = sourcecode.swift; path = LiveQuoteStore.swift; sourceTree = "<group>"; };
		ACE5EABF259A581700485626 /* QuoteRunner.swift */ = {isa = PBXFileReference; lastKnownFileType = sourcecode.swift; path = QuoteRunner.swift; sourceTree = "<group>"; };
		B59F1F743562E437462B3ADF /* Pods-AlectronaTests.debug.xcconfig */ = {isa = PBXFileReference; includeInIndex = 1; lastKnownFileType = text.xcconfig; name = "Pods-AlectronaTests.debug.xcconfig"; path = "Target Support Files/Pods-AlectronaTests/Pods-AlectronaTests.debug.xcconfig"; sourceTree = "<group>"; };
		B9E7D0A7940B6CA59BFE161D /* Pods-Alectrona-AlectronaUITests.debug.xcconfig */ = {isa = PBXFileReference; includeInIndex = 1; lastKnownFileType = text.xcconfig; name = "Pods-Alectrona-AlectronaUITests.debug.xcconfig"; path = "Target Support Files/Pods-Alectrona-AlectronaUITests/Pods-Alectrona-AlectronaUITests.debug.xcconfig"; sourceTree = "<group>"; };
		FCB00CD0B972088CC587E992 /* Pods-Alectrona.debug.xcconfig */ = {isa = PBXFileReference; includeInIndex = 1; lastKnownFileType = text.xcconfig; name = "Pods-Alectrona.debug.xcconfig"; path = "Target Support Files/Pods-Alectrona/Pods-Alectrona.debug.xcconfig"; sourceTree = "<group>"; };
/* End PBXFileReference section */

/* Begin PBXFrameworksBuildPhase section */
		AC92B4772589F4B9002826F8 /* Frameworks */ = {
			isa = PBXFrameworksBuildPhase;
			buildActionMask = 2147483647;
			files = (
				486E53E90906DABD58DFAEF7 /* Pods_Alectrona.framework in Frameworks */,
			);
			runOnlyForDeploymentPostprocessing = 0;
		};
		AC92B48C2589F4BA002826F8 /* Frameworks */ = {
			isa = PBXFrameworksBuildPhase;
			buildActionMask = 2147483647;
			files = (
				E3374D5BA3650C86B2D83EFD /* Pods_AlectronaTests.framework in Frameworks */,
			);
			runOnlyForDeploymentPostprocessing = 0;
		};
		AC92B4972589F4BA002826F8 /* Frameworks */ = {
			isa = PBXFrameworksBuildPhase;
			buildActionMask = 2147483647;
			files = (
				AD70A8D0F14679867CDD22AF /* Pods_Alectrona_AlectronaUITests.framework in Frameworks */,
			);
			runOnlyForDeploymentPostprocessing = 0;
		};
/* End PBXFrameworksBuildPhase section */

/* Begin PBXGroup section */
		990E071C8003CFC59A232571 /* Pods */ = {
			isa = PBXGroup;
			children = (
				FCB00CD0B972088CC587E992 /* Pods-Alectrona.debug.xcconfig */,
				63804F299E522A6611217C04 /* Pods-Alectrona.release.xcconfig */,
				B9E7D0A7940B6CA59BFE161D /* Pods-Alectrona-AlectronaUITests.debug.xcconfig */,
				24104C673B21AFEE38C88673 /* Pods-Alectrona-AlectronaUITests.release.xcconfig */,
				B59F1F743562E437462B3ADF /* Pods-AlectronaTests.debug.xcconfig */,
				045919F85AF78EC531A95F80 /* Pods-AlectronaTests.release.xcconfig */,
			);
			path = Pods;
			sourceTree = "<group>";
		};
		AC5C9C9E2591C1AA004CC724 /* VIews */ = {
			isa = PBXGroup;
			children = (
				AC65D0B925955822008C6C5C /* StatusBar.swift */,
				AC65D0BE259559F6008C6C5C /* StatusBarTickerDisplay.swift */,
			);
			path = VIews;
			sourceTree = "<group>";
		};
		AC92B4712589F4B9002826F8 = {
			isa = PBXGroup;
			children = (
				AC92B47C2589F4B9002826F8 /* Alectrona */,
				AC92B4922589F4BA002826F8 /* AlectronaTests */,
				AC92B49D2589F4BA002826F8 /* AlectronaUITests */,
				AC92B47B2589F4B9002826F8 /* Products */,
				ACC5A18A258A852400411F3B /* Frameworks */,
				990E071C8003CFC59A232571 /* Pods */,
			);
			sourceTree = "<group>";
		};
		AC92B47B2589F4B9002826F8 /* Products */ = {
			isa = PBXGroup;
			children = (
				AC92B47A2589F4B9002826F8 /* Alectrona.app */,
				AC92B48F2589F4BA002826F8 /* AlectronaTests.xctest */,
				AC92B49A2589F4BA002826F8 /* AlectronaUITests.xctest */,
			);
			name = Products;
			sourceTree = "<group>";
		};
		AC92B47C2589F4B9002826F8 /* Alectrona */ = {
			isa = PBXGroup;
			children = (
				ACE5EAA72599385D00485626 /* Model */,
				ACE5EA7F2599057A00485626 /* Util */,
				ACE5EA7A259810CE00485626 /* API */,
				AC5C9C9E2591C1AA004CC724 /* VIews */,
				AC92B47D2589F4B9002826F8 /* AppDelegate.swift */,
				AC92B4812589F4BA002826F8 /* Assets.xcassets */,
				AC92B4862589F4BA002826F8 /* Main.storyboard */,
				AC92B4892589F4BA002826F8 /* Info.plist */,
				AC92B48A2589F4BA002826F8 /* Alectrona.entitlements */,
				AC92B4832589F4BA002826F8 /* Preview Content */,
				ACE5EABF259A581700485626 /* QuoteRunner.swift */,
			);
			path = Alectrona;
			sourceTree = "<group>";
		};
		AC92B4832589F4BA002826F8 /* Preview Content */ = {
			isa = PBXGroup;
			children = (
				AC92B4842589F4BA002826F8 /* Preview Assets.xcassets */,
			);
			path = "Preview Content";
			sourceTree = "<group>";
		};
		AC92B4922589F4BA002826F8 /* AlectronaTests */ = {
			isa = PBXGroup;
			children = (
				AC92B4932589F4BA002826F8 /* AlectronaTests.swift */,
				AC92B4952589F4BA002826F8 /* Info.plist */,
			);
			path = AlectronaTests;
			sourceTree = "<group>";
		};
		AC92B49D2589F4BA002826F8 /* AlectronaUITests */ = {
			isa = PBXGroup;
			children = (
				AC92B49E2589F4BA002826F8 /* AlectronaUITests.swift */,
				AC92B4A02589F4BA002826F8 /* Info.plist */,
			);
			path = AlectronaUITests;
			sourceTree = "<group>";
		};
		ACC5A18A258A852400411F3B /* Frameworks */ = {
			isa = PBXGroup;
			children = (
				922B08E465C063D61DFFBEFA /* Pods_Alectrona.framework */,
				154C042B8E71643B3982C387 /* Pods_Alectrona_AlectronaUITests.framework */,
				2F8E4440523D00ED7EB9AA7A /* Pods_AlectronaTests.framework */,
			);
			name = Frameworks;
			sourceTree = "<group>";
		};
		ACE5EA7A259810CE00485626 /* API */ = {
			isa = PBXGroup;
			children = (
				ACE5EA6025980A3400485626 /* QuoteLoader.swift */,
			);
			path = API;
			sourceTree = "<group>";
		};
		ACE5EA7F2599057A00485626 /* Util */ = {
			isa = PBXGroup;
			children = (
				ACE5EA802599058900485626 /* Extensions.swift */,
			);
			path = Util;
			sourceTree = "<group>";
		};
		ACE5EAA72599385D00485626 /* Model */ = {
			isa = PBXGroup;
			children = (
				ACE5EAAB2599388500485626 /* LiveQuote.swift */,
				ACE5EAB925993AFB00485626 /* LiveQuoteStore.swift */,
			);
			path = Model;
			sourceTree = "<group>";
		};
/* End PBXGroup section */

/* Begin PBXNativeTarget section */
		AC92B4792589F4B9002826F8 /* Alectrona */ = {
			isa = PBXNativeTarget;
			buildConfigurationList = AC92B4A32589F4BA002826F8 /* Build configuration list for PBXNativeTarget "Alectrona" */;
			buildPhases = (
				5B36E6E2F653531A29D8812B /* [CP] Check Pods Manifest.lock */,
				AC92B4762589F4B9002826F8 /* Sources */,
				AC92B4772589F4B9002826F8 /* Frameworks */,
				AC92B4782589F4B9002826F8 /* Resources */,
				6762BF54ED74AC51D46E1BC0 /* [CP] Embed Pods Frameworks */,
			);
			buildRules = (
			);
			dependencies = (
			);
			name = Alectrona;
			productName = Alectrona;
			productReference = AC92B47A2589F4B9002826F8 /* Alectrona.app */;
			productType = "com.apple.product-type.application";
		};
		AC92B48E2589F4BA002826F8 /* AlectronaTests */ = {
			isa = PBXNativeTarget;
			buildConfigurationList = AC92B4A62589F4BA002826F8 /* Build configuration list for PBXNativeTarget "AlectronaTests" */;
			buildPhases = (
				E9020003F97523C618CAC409 /* [CP] Check Pods Manifest.lock */,
				AC92B48B2589F4BA002826F8 /* Sources */,
				AC92B48C2589F4BA002826F8 /* Frameworks */,
				AC92B48D2589F4BA002826F8 /* Resources */,
			);
			buildRules = (
			);
			dependencies = (
				AC92B4912589F4BA002826F8 /* PBXTargetDependency */,
			);
			name = AlectronaTests;
			productName = AlectronaTests;
			productReference = AC92B48F2589F4BA002826F8 /* AlectronaTests.xctest */;
			productType = "com.apple.product-type.bundle.unit-test";
		};
		AC92B4992589F4BA002826F8 /* AlectronaUITests */ = {
			isa = PBXNativeTarget;
			buildConfigurationList = AC92B4A92589F4BA002826F8 /* Build configuration list for PBXNativeTarget "AlectronaUITests" */;
			buildPhases = (
				DD62BA8F01CB75CED48EB9FE /* [CP] Check Pods Manifest.lock */,
				AC92B4962589F4BA002826F8 /* Sources */,
				AC92B4972589F4BA002826F8 /* Frameworks */,
				AC92B4982589F4BA002826F8 /* Resources */,
				E4F023F7B32EC0AD37EDF5D6 /* [CP] Embed Pods Frameworks */,
			);
			buildRules = (
			);
			dependencies = (
				AC92B49C2589F4BA002826F8 /* PBXTargetDependency */,
			);
			name = AlectronaUITests;
			productName = AlectronaUITests;
			productReference = AC92B49A2589F4BA002826F8 /* AlectronaUITests.xctest */;
			productType = "com.apple.product-type.bundle.ui-testing";
		};
/* End PBXNativeTarget section */

/* Begin PBXProject section */
		AC92B4722589F4B9002826F8 /* Project object */ = {
			isa = PBXProject;
			attributes = {
				LastSwiftUpdateCheck = 1230;
				LastUpgradeCheck = 1230;
				TargetAttributes = {
					AC92B4792589F4B9002826F8 = {
						CreatedOnToolsVersion = 12.3;
					};
					AC92B48E2589F4BA002826F8 = {
						CreatedOnToolsVersion = 12.3;
						TestTargetID = AC92B4792589F4B9002826F8;
					};
					AC92B4992589F4BA002826F8 = {
						CreatedOnToolsVersion = 12.3;
						TestTargetID = AC92B4792589F4B9002826F8;
					};
				};
			};
			buildConfigurationList = AC92B4752589F4B9002826F8 /* Build configuration list for PBXProject "Alectrona" */;
			compatibilityVersion = "Xcode 9.3";
			developmentRegion = en;
			hasScannedForEncodings = 0;
			knownRegions = (
				en,
				Base,
			);
			mainGroup = AC92B4712589F4B9002826F8;
			packageReferences = (
				AC92B4AF258A8319002826F8 /* XCRemoteSwiftPackageReference "Alamofire" */,
			);
			productRefGroup = AC92B47B2589F4B9002826F8 /* Products */;
			projectDirPath = "";
			projectRoot = "";
			targets = (
				AC92B4792589F4B9002826F8 /* Alectrona */,
				AC92B48E2589F4BA002826F8 /* AlectronaTests */,
				AC92B4992589F4BA002826F8 /* AlectronaUITests */,
			);
		};
/* End PBXProject section */

/* Begin PBXResourcesBuildPhase section */
		AC92B4782589F4B9002826F8 /* Resources */ = {
			isa = PBXResourcesBuildPhase;
			buildActionMask = 2147483647;
			files = (
				AC92B4882589F4BA002826F8 /* Main.storyboard in Resources */,
				AC92B4852589F4BA002826F8 /* Preview Assets.xcassets in Resources */,
				AC92B4822589F4BA002826F8 /* Assets.xcassets in Resources */,
			);
			runOnlyForDeploymentPostprocessing = 0;
		};
		AC92B48D2589F4BA002826F8 /* Resources */ = {
			isa = PBXResourcesBuildPhase;
			buildActionMask = 2147483647;
			files = (
			);
			runOnlyForDeploymentPostprocessing = 0;
		};
		AC92B4982589F4BA002826F8 /* Resources */ = {
			isa = PBXResourcesBuildPhase;
			buildActionMask = 2147483647;
			files = (
			);
			runOnlyForDeploymentPostprocessing = 0;
		};
/* End PBXResourcesBuildPhase section */

/* Begin PBXShellScriptBuildPhase section */
		5B36E6E2F653531A29D8812B /* [CP] Check Pods Manifest.lock */ = {
			isa = PBXShellScriptBuildPhase;
			buildActionMask = 2147483647;
			files = (
			);
			inputFileListPaths = (
			);
			inputPaths = (
				"${PODS_PODFILE_DIR_PATH}/Podfile.lock",
				"${PODS_ROOT}/Manifest.lock",
			);
			name = "[CP] Check Pods Manifest.lock";
			outputFileListPaths = (
			);
			outputPaths = (
				"$(DERIVED_FILE_DIR)/Pods-Alectrona-checkManifestLockResult.txt",
			);
			runOnlyForDeploymentPostprocessing = 0;
			shellPath = /bin/sh;
			shellScript = "diff \"${PODS_PODFILE_DIR_PATH}/Podfile.lock\" \"${PODS_ROOT}/Manifest.lock\" > /dev/null\nif [ $? != 0 ] ; then\n    # print error to STDERR\n    echo \"error: The sandbox is not in sync with the Podfile.lock. Run 'pod install' or update your CocoaPods installation.\" >&2\n    exit 1\nfi\n# This output is used by Xcode 'outputs' to avoid re-running this script phase.\necho \"SUCCESS\" > \"${SCRIPT_OUTPUT_FILE_0}\"\n";
			showEnvVarsInLog = 0;
		};
		6762BF54ED74AC51D46E1BC0 /* [CP] Embed Pods Frameworks */ = {
			isa = PBXShellScriptBuildPhase;
			buildActionMask = 2147483647;
			files = (
			);
			inputFileListPaths = (
				"${PODS_ROOT}/Target Support Files/Pods-Alectrona/Pods-Alectrona-frameworks-${CONFIGURATION}-input-files.xcfilelist",
			);
			name = "[CP] Embed Pods Frameworks";
			outputFileListPaths = (
				"${PODS_ROOT}/Target Support Files/Pods-Alectrona/Pods-Alectrona-frameworks-${CONFIGURATION}-output-files.xcfilelist",
			);
			runOnlyForDeploymentPostprocessing = 0;
			shellPath = /bin/sh;
			shellScript = "\"${PODS_ROOT}/Target Support Files/Pods-Alectrona/Pods-Alectrona-frameworks.sh\"\n";
			showEnvVarsInLog = 0;
		};
		DD62BA8F01CB75CED48EB9FE /* [CP] Check Pods Manifest.lock */ = {
			isa = PBXShellScriptBuildPhase;
			buildActionMask = 2147483647;
			files = (
			);
			inputFileListPaths = (
			);
			inputPaths = (
				"${PODS_PODFILE_DIR_PATH}/Podfile.lock",
				"${PODS_ROOT}/Manifest.lock",
			);
			name = "[CP] Check Pods Manifest.lock";
			outputFileListPaths = (
			);
			outputPaths = (
				"$(DERIVED_FILE_DIR)/Pods-Alectrona-AlectronaUITests-checkManifestLockResult.txt",
			);
			runOnlyForDeploymentPostprocessing = 0;
			shellPath = /bin/sh;
			shellScript = "diff \"${PODS_PODFILE_DIR_PATH}/Podfile.lock\" \"${PODS_ROOT}/Manifest.lock\" > /dev/null\nif [ $? != 0 ] ; then\n    # print error to STDERR\n    echo \"error: The sandbox is not in sync with the Podfile.lock. Run 'pod install' or update your CocoaPods installation.\" >&2\n    exit 1\nfi\n# This output is used by Xcode 'outputs' to avoid re-running this script phase.\necho \"SUCCESS\" > \"${SCRIPT_OUTPUT_FILE_0}\"\n";
			showEnvVarsInLog = 0;
		};
		E4F023F7B32EC0AD37EDF5D6 /* [CP] Embed Pods Frameworks */ = {
			isa = PBXShellScriptBuildPhase;
			buildActionMask = 2147483647;
			files = (
			);
			inputFileListPaths = (
				"${PODS_ROOT}/Target Support Files/Pods-Alectrona-AlectronaUITests/Pods-Alectrona-AlectronaUITests-frameworks-${CONFIGURATION}-input-files.xcfilelist",
			);
			name = "[CP] Embed Pods Frameworks";
			outputFileListPaths = (
				"${PODS_ROOT}/Target Support Files/Pods-Alectrona-AlectronaUITests/Pods-Alectrona-AlectronaUITests-frameworks-${CONFIGURATION}-output-files.xcfilelist",
			);
			runOnlyForDeploymentPostprocessing = 0;
			shellPath = /bin/sh;
			shellScript = "\"${PODS_ROOT}/Target Support Files/Pods-Alectrona-AlectronaUITests/Pods-Alectrona-AlectronaUITests-frameworks.sh\"\n";
			showEnvVarsInLog = 0;
		};
		E9020003F97523C618CAC409 /* [CP] Check Pods Manifest.lock */ = {
			isa = PBXShellScriptBuildPhase;
			buildActionMask = 2147483647;
			files = (
			);
			inputFileListPaths = (
			);
			inputPaths = (
				"${PODS_PODFILE_DIR_PATH}/Podfile.lock",
				"${PODS_ROOT}/Manifest.lock",
			);
			name = "[CP] Check Pods Manifest.lock";
			outputFileListPaths = (
			);
			outputPaths = (
				"$(DERIVED_FILE_DIR)/Pods-AlectronaTests-checkManifestLockResult.txt",
			);
			runOnlyForDeploymentPostprocessing = 0;
			shellPath = /bin/sh;
			shellScript = "diff \"${PODS_PODFILE_DIR_PATH}/Podfile.lock\" \"${PODS_ROOT}/Manifest.lock\" > /dev/null\nif [ $? != 0 ] ; then\n    # print error to STDERR\n    echo \"error: The sandbox is not in sync with the Podfile.lock. Run 'pod install' or update your CocoaPods installation.\" >&2\n    exit 1\nfi\n# This output is used by Xcode 'outputs' to avoid re-running this script phase.\necho \"SUCCESS\" > \"${SCRIPT_OUTPUT_FILE_0}\"\n";
			showEnvVarsInLog = 0;
		};
/* End PBXShellScriptBuildPhase section */

/* Begin PBXSourcesBuildPhase section */
		AC92B4762589F4B9002826F8 /* Sources */ = {
			isa = PBXSourcesBuildPhase;
			buildActionMask = 2147483647;
			files = (
				AC65D0BF259559F6008C6C5C /* StatusBarTickerDisplay.swift in Sources */,
				ACE5EAAC2599388500485626 /* LiveQuote.swift in Sources */,
				ACE5EA6125980A3400485626 /* QuoteLoader.swift in Sources */,
				AC65D0BA25955822008C6C5C /* StatusBar.swift in Sources */,
				ACE5EABA25993AFB00485626 /* LiveQuoteStore.swift in Sources */,
				AC92B47E2589F4B9002826F8 /* AppDelegate.swift in Sources */,
				ACE5EAC0259A581700485626 /* QuoteRunner.swift in Sources */,
				ACE5EA812599058900485626 /* Extensions.swift in Sources */,
			);
			runOnlyForDeploymentPostprocessing = 0;
		};
		AC92B48B2589F4BA002826F8 /* Sources */ = {
			isa = PBXSourcesBuildPhase;
			buildActionMask = 2147483647;
			files = (
				AC92B4942589F4BA002826F8 /* AlectronaTests.swift in Sources */,
			);
			runOnlyForDeploymentPostprocessing = 0;
		};
		AC92B4962589F4BA002826F8 /* Sources */ = {
			isa = PBXSourcesBuildPhase;
			buildActionMask = 2147483647;
			files = (
				AC92B49F2589F4BA002826F8 /* AlectronaUITests.swift in Sources */,
			);
			runOnlyForDeploymentPostprocessing = 0;
		};
/* End PBXSourcesBuildPhase section */

/* Begin PBXTargetDependency section */
		AC92B4912589F4BA002826F8 /* PBXTargetDependency */ = {
			isa = PBXTargetDependency;
			target = AC92B4792589F4B9002826F8 /* Alectrona */;
			targetProxy = AC92B4902589F4BA002826F8 /* PBXContainerItemProxy */;
		};
		AC92B49C2589F4BA002826F8 /* PBXTargetDependency */ = {
			isa = PBXTargetDependency;
			target = AC92B4792589F4B9002826F8 /* Alectrona */;
			targetProxy = AC92B49B2589F4BA002826F8 /* PBXContainerItemProxy */;
		};
/* End PBXTargetDependency section */

/* Begin PBXVariantGroup section */
		AC92B4862589F4BA002826F8 /* Main.storyboard */ = {
			isa = PBXVariantGroup;
			children = (
				AC92B4872589F4BA002826F8 /* Base */,
			);
			name = Main.storyboard;
			sourceTree = "<group>";
		};
/* End PBXVariantGroup section */

/* Begin XCBuildConfiguration section */
		AC92B4A12589F4BA002826F8 /* Debug */ = {
			isa = XCBuildConfiguration;
			buildSettings = {
				ALWAYS_SEARCH_USER_PATHS = NO;
				CLANG_ANALYZER_NONNULL = YES;
				CLANG_ANALYZER_NUMBER_OBJECT_CONVERSION = YES_AGGRESSIVE;
				CLANG_CXX_LANGUAGE_STANDARD = "gnu++14";
				CLANG_CXX_LIBRARY = "libc++";
				CLANG_ENABLE_MODULES = YES;
				CLANG_ENABLE_OBJC_ARC = YES;
				CLANG_ENABLE_OBJC_WEAK = YES;
				CLANG_WARN_BLOCK_CAPTURE_AUTORELEASING = YES;
				CLANG_WARN_BOOL_CONVERSION = YES;
				CLANG_WARN_COMMA = YES;
				CLANG_WARN_CONSTANT_CONVERSION = YES;
				CLANG_WARN_DEPRECATED_OBJC_IMPLEMENTATIONS = YES;
				CLANG_WARN_DIRECT_OBJC_ISA_USAGE = YES_ERROR;
				CLANG_WARN_DOCUMENTATION_COMMENTS = YES;
				CLANG_WARN_EMPTY_BODY = YES;
				CLANG_WARN_ENUM_CONVERSION = YES;
				CLANG_WARN_INFINITE_RECURSION = YES;
				CLANG_WARN_INT_CONVERSION = YES;
				CLANG_WARN_NON_LITERAL_NULL_CONVERSION = YES;
				CLANG_WARN_OBJC_IMPLICIT_RETAIN_SELF = YES;
				CLANG_WARN_OBJC_LITERAL_CONVERSION = YES;
				CLANG_WARN_OBJC_ROOT_CLASS = YES_ERROR;
				CLANG_WARN_QUOTED_INCLUDE_IN_FRAMEWORK_HEADER = YES;
				CLANG_WARN_RANGE_LOOP_ANALYSIS = YES;
				CLANG_WARN_STRICT_PROTOTYPES = YES;
				CLANG_WARN_SUSPICIOUS_MOVE = YES;
				CLANG_WARN_UNGUARDED_AVAILABILITY = YES_AGGRESSIVE;
				CLANG_WARN_UNREACHABLE_CODE = YES;
				CLANG_WARN__DUPLICATE_METHOD_MATCH = YES;
				COPY_PHASE_STRIP = NO;
				DEBUG_INFORMATION_FORMAT = dwarf;
				ENABLE_STRICT_OBJC_MSGSEND = YES;
				ENABLE_TESTABILITY = YES;
				GCC_C_LANGUAGE_STANDARD = gnu11;
				GCC_DYNAMIC_NO_PIC = NO;
				GCC_NO_COMMON_BLOCKS = YES;
				GCC_OPTIMIZATION_LEVEL = 0;
				GCC_PREPROCESSOR_DEFINITIONS = (
					"DEBUG=1",
					"$(inherited)",
				);
				GCC_WARN_64_TO_32_BIT_CONVERSION = YES;
				GCC_WARN_ABOUT_RETURN_TYPE = YES_ERROR;
				GCC_WARN_UNDECLARED_SELECTOR = YES;
				GCC_WARN_UNINITIALIZED_AUTOS = YES_AGGRESSIVE;
				GCC_WARN_UNUSED_FUNCTION = YES;
				GCC_WARN_UNUSED_VARIABLE = YES;
				MACOSX_DEPLOYMENT_TARGET = 11.1;
				MTL_ENABLE_DEBUG_INFO = INCLUDE_SOURCE;
				MTL_FAST_MATH = YES;
				ONLY_ACTIVE_ARCH = YES;
				SDKROOT = macosx;
				SWIFT_ACTIVE_COMPILATION_CONDITIONS = DEBUG;
				SWIFT_OPTIMIZATION_LEVEL = "-Onone";
			};
			name = Debug;
		};
		AC92B4A22589F4BA002826F8 /* Release */ = {
			isa = XCBuildConfiguration;
			buildSettings = {
				ALWAYS_SEARCH_USER_PATHS = NO;
				CLANG_ANALYZER_NONNULL = YES;
				CLANG_ANALYZER_NUMBER_OBJECT_CONVERSION = YES_AGGRESSIVE;
				CLANG_CXX_LANGUAGE_STANDARD = "gnu++14";
				CLANG_CXX_LIBRARY = "libc++";
				CLANG_ENABLE_MODULES = YES;
				CLANG_ENABLE_OBJC_ARC = YES;
				CLANG_ENABLE_OBJC_WEAK = YES;
				CLANG_WARN_BLOCK_CAPTURE_AUTORELEASING = YES;
				CLANG_WARN_BOOL_CONVERSION = YES;
				CLANG_WARN_COMMA = YES;
				CLANG_WARN_CONSTANT_CONVERSION = YES;
				CLANG_WARN_DEPRECATED_OBJC_IMPLEMENTATIONS = YES;
				CLANG_WARN_DIRECT_OBJC_ISA_USAGE = YES_ERROR;
				CLANG_WARN_DOCUMENTATION_COMMENTS = YES;
				CLANG_WARN_EMPTY_BODY = YES;
				CLANG_WARN_ENUM_CONVERSION = YES;
				CLANG_WARN_INFINITE_RECURSION = YES;
				CLANG_WARN_INT_CONVERSION = YES;
				CLANG_WARN_NON_LITERAL_NULL_CONVERSION = YES;
				CLANG_WARN_OBJC_IMPLICIT_RETAIN_SELF = YES;
				CLANG_WARN_OBJC_LITERAL_CONVERSION = YES;
				CLANG_WARN_OBJC_ROOT_CLASS = YES_ERROR;
				CLANG_WARN_QUOTED_INCLUDE_IN_FRAMEWORK_HEADER = YES;
				CLANG_WARN_RANGE_LOOP_ANALYSIS = YES;
				CLANG_WARN_STRICT_PROTOTYPES = YES;
				CLANG_WARN_SUSPICIOUS_MOVE = YES;
				CLANG_WARN_UNGUARDED_AVAILABILITY = YES_AGGRESSIVE;
				CLANG_WARN_UNREACHABLE_CODE = YES;
				CLANG_WARN__DUPLICATE_METHOD_MATCH = YES;
				COPY_PHASE_STRIP = NO;
				DEBUG_INFORMATION_FORMAT = "dwarf-with-dsym";
				ENABLE_NS_ASSERTIONS = NO;
				ENABLE_STRICT_OBJC_MSGSEND = YES;
				GCC_C_LANGUAGE_STANDARD = gnu11;
				GCC_NO_COMMON_BLOCKS = YES;
				GCC_WARN_64_TO_32_BIT_CONVERSION = YES;
				GCC_WARN_ABOUT_RETURN_TYPE = YES_ERROR;
				GCC_WARN_UNDECLARED_SELECTOR = YES;
				GCC_WARN_UNINITIALIZED_AUTOS = YES_AGGRESSIVE;
				GCC_WARN_UNUSED_FUNCTION = YES;
				GCC_WARN_UNUSED_VARIABLE = YES;
				MACOSX_DEPLOYMENT_TARGET = 11.1;
				MTL_ENABLE_DEBUG_INFO = NO;
				MTL_FAST_MATH = YES;
				SDKROOT = macosx;
				SWIFT_COMPILATION_MODE = wholemodule;
				SWIFT_OPTIMIZATION_LEVEL = "-O";
			};
			name = Release;
		};
		AC92B4A42589F4BA002826F8 /* Debug */ = {
			isa = XCBuildConfiguration;
			baseConfigurationReference = FCB00CD0B972088CC587E992 /* Pods-Alectrona.debug.xcconfig */;
			buildSettings = {
				ASSETCATALOG_COMPILER_APPICON_NAME = AppIcon;
				ASSETCATALOG_COMPILER_GLOBAL_ACCENT_COLOR_NAME = AccentColor;
				CODE_SIGN_ENTITLEMENTS = Alectrona/Alectrona.entitlements;
				CODE_SIGN_STYLE = Automatic;
				COMBINE_HIDPI_IMAGES = YES;
				DEVELOPMENT_ASSET_PATHS = "\"Alectrona/Preview Content\"";
				ENABLE_PREVIEWS = YES;
				INFOPLIST_FILE = Alectrona/Info.plist;
				LD_RUNPATH_SEARCH_PATHS = (
					"$(inherited)",
					"@executable_path/../Frameworks",
				);
				MACOSX_DEPLOYMENT_TARGET = 11.0;
				MARKETING_VERSION = 0.1;
				PRODUCT_BUNDLE_IDENTIFIER = nickdonald.Alectrona;
				PRODUCT_NAME = "$(TARGET_NAME)";
				SWIFT_VERSION = 5.0;
			};
			name = Debug;
		};
		AC92B4A52589F4BA002826F8 /* Release */ = {
			isa = XCBuildConfiguration;
			baseConfigurationReference = 63804F299E522A6611217C04 /* Pods-Alectrona.release.xcconfig */;
			buildSettings = {
				ASSETCATALOG_COMPILER_APPICON_NAME = AppIcon;
				ASSETCATALOG_COMPILER_GLOBAL_ACCENT_COLOR_NAME = AccentColor;
				CODE_SIGN_ENTITLEMENTS = Alectrona/Alectrona.entitlements;
				CODE_SIGN_STYLE = Automatic;
				COMBINE_HIDPI_IMAGES = YES;
				DEVELOPMENT_ASSET_PATHS = "\"Alectrona/Preview Content\"";
				ENABLE_PREVIEWS = YES;
				INFOPLIST_FILE = Alectrona/Info.plist;
				LD_RUNPATH_SEARCH_PATHS = (
					"$(inherited)",
					"@executable_path/../Frameworks",
				);
				MACOSX_DEPLOYMENT_TARGET = 11.0;
				MARKETING_VERSION = 0.1;
				PRODUCT_BUNDLE_IDENTIFIER = nickdonald.Alectrona;
				PRODUCT_NAME = "$(TARGET_NAME)";
				SWIFT_VERSION = 5.0;
			};
			name = Release;
		};
		AC92B4A72589F4BA002826F8 /* Debug */ = {
			isa = XCBuildConfiguration;
			baseConfigurationReference = B59F1F743562E437462B3ADF /* Pods-AlectronaTests.debug.xcconfig */;
			buildSettings = {
				ALWAYS_EMBED_SWIFT_STANDARD_LIBRARIES = YES;
				BUNDLE_LOADER = "$(TEST_HOST)";
				CODE_SIGN_STYLE = Automatic;
				COMBINE_HIDPI_IMAGES = YES;
				INFOPLIST_FILE = AlectronaTests/Info.plist;
				LD_RUNPATH_SEARCH_PATHS = (
					"$(inherited)",
					"@executable_path/../Frameworks",
					"@loader_path/../Frameworks",
				);
				MACOSX_DEPLOYMENT_TARGET = 10.15;
				PRODUCT_BUNDLE_IDENTIFIER = nickdonald.AlectronaTests;
				PRODUCT_NAME = "$(TARGET_NAME)";
				SWIFT_VERSION = 5.0;
				TEST_HOST = "$(BUILT_PRODUCTS_DIR)/Alectrona.app/Contents/MacOS/Alectrona";
			};
			name = Debug;
		};
		AC92B4A82589F4BA002826F8 /* Release */ = {
			isa = XCBuildConfiguration;
			baseConfigurationReference = 045919F85AF78EC531A95F80 /* Pods-AlectronaTests.release.xcconfig */;
			buildSettings = {
				ALWAYS_EMBED_SWIFT_STANDARD_LIBRARIES = YES;
				BUNDLE_LOADER = "$(TEST_HOST)";
				CODE_SIGN_STYLE = Automatic;
				COMBINE_HIDPI_IMAGES = YES;
				INFOPLIST_FILE = AlectronaTests/Info.plist;
				LD_RUNPATH_SEARCH_PATHS = (
					"$(inherited)",
					"@executable_path/../Frameworks",
					"@loader_path/../Frameworks",
				);
				MACOSX_DEPLOYMENT_TARGET = 10.15;
				PRODUCT_BUNDLE_IDENTIFIER = nickdonald.AlectronaTests;
				PRODUCT_NAME = "$(TARGET_NAME)";
				SWIFT_VERSION = 5.0;
				TEST_HOST = "$(BUILT_PRODUCTS_DIR)/Alectrona.app/Contents/MacOS/Alectrona";
			};
			name = Release;
		};
		AC92B4AA2589F4BA002826F8 /* Debug */ = {
			isa = XCBuildConfiguration;
			baseConfigurationReference = B9E7D0A7940B6CA59BFE161D /* Pods-Alectrona-AlectronaUITests.debug.xcconfig */;
			buildSettings = {
				ALWAYS_EMBED_SWIFT_STANDARD_LIBRARIES = YES;
				CODE_SIGN_STYLE = Automatic;
				COMBINE_HIDPI_IMAGES = YES;
				INFOPLIST_FILE = AlectronaUITests/Info.plist;
				LD_RUNPATH_SEARCH_PATHS = (
					"$(inherited)",
					"@executable_path/../Frameworks",
					"@loader_path/../Frameworks",
				);
				PRODUCT_BUNDLE_IDENTIFIER = nickdonald.AlectronaUITests;
				PRODUCT_NAME = "$(TARGET_NAME)";
				SWIFT_VERSION = 5.0;
				TEST_TARGET_NAME = Alectrona;
			};
			name = Debug;
		};
		AC92B4AB2589F4BA002826F8 /* Release */ = {
			isa = XCBuildConfiguration;
			baseConfigurationReference = 24104C673B21AFEE38C88673 /* Pods-Alectrona-AlectronaUITests.release.xcconfig */;
			buildSettings = {
				ALWAYS_EMBED_SWIFT_STANDARD_LIBRARIES = YES;
				CODE_SIGN_STYLE = Automatic;
				COMBINE_HIDPI_IMAGES = YES;
				INFOPLIST_FILE = AlectronaUITests/Info.plist;
				LD_RUNPATH_SEARCH_PATHS = (
					"$(inherited)",
					"@executable_path/../Frameworks",
					"@loader_path/../Frameworks",
				);
				PRODUCT_BUNDLE_IDENTIFIER = nickdonald.AlectronaUITests;
				PRODUCT_NAME = "$(TARGET_NAME)";
				SWIFT_VERSION = 5.0;
				TEST_TARGET_NAME = Alectrona;
			};
			name = Release;
		};
/* End XCBuildConfiguration section */

/* Begin XCConfigurationList section */
		AC92B4752589F4B9002826F8 /* Build configuration list for PBXProject "Alectrona" */ = {
			isa = XCConfigurationList;
			buildConfigurations = (
				AC92B4A12589F4BA002826F8 /* Debug */,
				AC92B4A22589F4BA002826F8 /* Release */,
			);
			defaultConfigurationIsVisible = 0;
			defaultConfigurationName = Release;
		};
		AC92B4A32589F4BA002826F8 /* Build configuration list for PBXNativeTarget "Alectrona" */ = {
			isa = XCConfigurationList;
			buildConfigurations = (
				AC92B4A42589F4BA002826F8 /* Debug */,
				AC92B4A52589F4BA002826F8 /* Release */,
			);
			defaultConfigurationIsVisible = 0;
			defaultConfigurationName = Release;
		};
		AC92B4A62589F4BA002826F8 /* Build configuration list for PBXNativeTarget "AlectronaTests" */ = {
			isa = XCConfigurationList;
			buildConfigurations = (
				AC92B4A72589F4BA002826F8 /* Debug */,
				AC92B4A82589F4BA002826F8 /* Release */,
			);
			defaultConfigurationIsVisible = 0;
			defaultConfigurationName = Release;
		};
		AC92B4A92589F4BA002826F8 /* Build configuration list for PBXNativeTarget "AlectronaUITests" */ = {
			isa = XCConfigurationList;
			buildConfigurations = (
				AC92B4AA2589F4BA002826F8 /* Debug */,
				AC92B4AB2589F4BA002826F8 /* Release */,
			);
			defaultConfigurationIsVisible = 0;
			defaultConfigurationName = Release;
		};
/* End XCConfigurationList section */

/* Begin XCRemoteSwiftPackageReference section */
		AC92B4AF258A8319002826F8 /* XCRemoteSwiftPackageReference "Alamofire" */ = {
			isa = XCRemoteSwiftPackageReference;
			repositoryURL = "https://github.com/Alamofire/Alamofire.git";
			requirement = {
				kind = upToNextMajorVersion;
				minimumVersion = 5.4.0;
			};
		};
/* End XCRemoteSwiftPackageReference section */
	};
	rootObject = AC92B4722589F4B9002826F8 /* Project object */;
}
